<?xml version="1.0" encoding="UTF-8" standalone="yes" ?>
<CodeBlocks_project_file>
	<FileVersion major="1" minor="6" />
	<Project>
		<Option title="wxSmith - Contrib Items (Unix)" />
		<Option pch_mode="2" />
		<Option default_target="wxSmithContribItems" />
		<Option compiler="gcc" />
		<Build>
			<Target title="wxFlatNoteBook">
				<Option output="../../../devel/wxflatnotebook" prefix_auto="1" extension_auto="1" />
				<Option object_output="../../../.objs/plugins/contrib/wxSmithContribItems" />
				<Option type="3" />
				<Option compiler="gcc" />
				<Option createStaticLib="1" />
				<Compiler>
					<Add directory="wxflatnotebook/wxFlatNotebook/include" />
				</Compiler>
			</Target>
			<Target title="wxChartCtrl">
				<Option output="../../../devel/libwxchartctrl" prefix_auto="1" extension_auto="1" />
				<Option object_output="../../../.objs/plugins/contrib/wxSmithContribItems" />
				<Option type="3" />
				<Option compiler="gcc" />
				<Option createStaticLib="1" />
				<Compiler>
					<Add directory="wxchart/wxchart-1.0/include" />
				</Compiler>
			</Target>
			<Target title="wxCustomButton">
				<Option output="../../../devel/libwxcustombutton" prefix_auto="1" extension_auto="1" />
				<Option object_output="../../../.objs/plugins/contrib/wxSmithContribItems" />
				<Option type="3" />
				<Option compiler="gcc" />
				<Option createStaticLib="1" />
				<Compiler>
					<Add directory="wxthings/wxthings/include" />
				</Compiler>
			</Target>
			<Target title="wxSmithContribItems">
				<Option output="../../../devel/share/codeblocks/plugins/wxSmithContribItems" prefix_auto="1" extension_auto="1" />
				<Option object_output="../../../.objs/plugins/contrib/wxSmithContribItems" />
				<Option external_deps="../../../devel/libwxsmithlib.so;" />
				<Option type="3" />
				<Option compiler="gcc" />
				<Option parameters="--debug-log --multiple-instance -ns -ni" />
				<Option host_application="../../../devel/codeblocks" />
				<Option projectLinkerOptionsRelation="2" />
				<Compiler>
					<Add option="-DWXMAKINGLIB_PROPGRID" />
					<Add directory="../../../sdk/wxscintilla/include" />
					<Add directory="wxthings/wxthings/include" />
					<Add directory="../../../sdk/wxpropgrid/include" />
					<Add directory="wxchart/wxchart-1.0/include" />
					<Add directory="wxflatnotebook/wxFlatNotebook/include" />
				</Compiler>
				<Linker>
					<Add library="wxsmithlib" />
					<Add library="codeblocks" />
					<Add library="wxflatnotebook" />
					<Add library="wxchartctrl" />
					<Add library="wxcustombutton" />
					<Add directory="../../../devel" />
				</Linker>
				<ExtraCommands>
					<Add after="zip -j9 ../../../devel/share/codeblocks/wxSmithContribItems.zip manifest.xml" />
					<Mode after="always" />
				</ExtraCommands>
			</Target>
			<Environment>
				<Variable name="WX_SUFFIX" value="u" />
				<Variable name="WX_CFG" value="" />
			</Environment>
		</Build>
		<VirtualTargets>
			<Add alias="All" targets="wxFlatNoteBook;wxChartCtrl;wxCustomButton;wxSmithContribItems;" />
		</VirtualTargets>
		<Compiler>
			<Add option="-g" />
			<Add option="-Ulinux" />
			<Add option="-Uunix" />
			<Add option="`wx-config --cflags`" />
			<Add option="-Winvalid-pch" />
			<Add option="-fexceptions" />
			<Add option="-fPIC" />
			<Add option="-DcbDEBUG" />
			<Add option="-DCB_PRECOMP" />
			<Add directory="../../../include" />
			<Add directory="../wxSmith" />
		</Compiler>
		<Linker>
			<Add option="`wx-config --libs`" />
		</Linker>
		<Unit filename="manifest.xml">
			<Option target="wxSmithContribItems" />
		</Unit>
		<Unit filename="wxSmithContribItems.cpp">
			<Option target="wxSmithContribItems" />
		</Unit>
		<Unit filename="wxSmithContribItems.h">
			<Option target="wxSmithContribItems" />
		</Unit>
		<Unit filename="wxchart/wxchart-1.0/include/wx/axis.h">
			<Option target="wxChartCtrl" />
		</Unit>
		<Unit filename="wxchart/wxchart-1.0/include/wx/bar3dchartpoints.h">
			<Option target="wxChartCtrl" />
		</Unit>
		<Unit filename="wxchart/wxchart-1.0/include/wx/barchartpoints.h">
			<Option target="wxChartCtrl" />
		</Unit>
		<Unit filename="wxchart/wxchart-1.0/include/wx/chart.h">
			<Option target="wxChartCtrl" />
		</Unit>
		<Unit filename="wxchart/wxchart-1.0/include/wx/chartart/chart_zin.bmp">
			<Option target="wxChartCtrl" />
		</Unit>
		<Unit filename="wxchart/wxchart-1.0/include/wx/chartart/chart_zin.xpm">
			<Option target="wxChartCtrl" />
		</Unit>
		<Unit filename="wxchart/wxchart-1.0/include/wx/chartart/chart_zot.bmp">
			<Option target="wxChartCtrl" />
		</Unit>
		<Unit filename="wxchart/wxchart-1.0/include/wx/chartart/chart_zot.xpm">
			<Option target="wxChartCtrl" />
		</Unit>
		<Unit filename="wxchart/wxchart-1.0/include/wx/chartcolors.h">
			<Option target="wxChartCtrl" />
		</Unit>
		<Unit filename="wxchart/wxchart-1.0/include/wx/chartctrl.h">
			<Option target="wxChartCtrl" />
		</Unit>
		<Unit filename="wxchart/wxchart-1.0/include/wx/chartdef.h">
			<Option target="wxChartCtrl" />
		</Unit>
		<Unit filename="wxchart/wxchart-1.0/include/wx/chartpoints.h">
			<Option target="wxChartCtrl" />
		</Unit>
		<Unit filename="wxchart/wxchart-1.0/include/wx/chartpointstypes.h">
			<Option target="wxChartCtrl" />
		</Unit>
		<Unit filename="wxchart/wxchart-1.0/include/wx/chartsizes.h">
			<Option target="wxChartCtrl" />
		</Unit>
		<Unit filename="wxchart/wxchart-1.0/include/wx/charttypes.h">
			<Option target="wxChartCtrl" />
		</Unit>
		<Unit filename="wxchart/wxchart-1.0/include/wx/chartwindow.h">
			<Option target="wxChartCtrl" />
		</Unit>
		<Unit filename="wxchart/wxchart-1.0/include/wx/label.h">
			<Option target="wxChartCtrl" />
		</Unit>
		<Unit filename="wxchart/wxchart-1.0/include/wx/legend.h">
			<Option target="wxChartCtrl" />
		</Unit>
		<Unit filename="wxchart/wxchart-1.0/include/wx/legendwindow.h">
			<Option target="wxChartCtrl" />
		</Unit>
		<Unit filename="wxchart/wxchart-1.0/include/wx/pie3dchartpoints.h">
			<Option target="wxChartCtrl" />
		</Unit>
		<Unit filename="wxchart/wxchart-1.0/include/wx/piechartpoints.h">
			<Option target="wxChartCtrl" />
		</Unit>
		<Unit filename="wxchart/wxchart-1.0/include/wx/points.h">
			<Option target="wxChartCtrl" />
		</Unit>
		<Unit filename="wxchart/wxchart-1.0/include/wx/xaxis.h">
			<Option target="wxChartCtrl" />
		</Unit>
		<Unit filename="wxchart/wxchart-1.0/include/wx/xaxiswindow.h">
			<Option target="wxChartCtrl" />
		</Unit>
		<Unit filename="wxchart/wxchart-1.0/include/wx/yaxis.h">
			<Option target="wxChartCtrl" />
		</Unit>
		<Unit filename="wxchart/wxchart-1.0/include/wx/yaxiswindow.h">
			<Option target="wxChartCtrl" />
		</Unit>
		<Unit filename="wxchart/wxchart-1.0/src/axis.cpp">
			<Option target="wxChartCtrl" />
		</Unit>
		<Unit filename="wxchart/wxchart-1.0/src/bar3dchartpoints.cpp">
			<Option target="wxChartCtrl" />
		</Unit>
		<Unit filename="wxchart/wxchart-1.0/src/barchartpoints.cpp">
			<Option target="wxChartCtrl" />
		</Unit>
		<Unit filename="wxchart/wxchart-1.0/src/chart.cpp">
			<Option target="wxChartCtrl" />
		</Unit>
		<Unit filename="wxchart/wxchart-1.0/src/chartcolors.cpp">
			<Option target="wxChartCtrl" />
		</Unit>
		<Unit filename="wxchart/wxchart-1.0/src/chartctrl.cpp">
			<Option target="wxChartCtrl" />
		</Unit>
		<Unit filename="wxchart/wxchart-1.0/src/chartsizes.cpp">
			<Option target="wxChartCtrl" />
		</Unit>
		<Unit filename="wxchart/wxchart-1.0/src/chartwindow.cpp">
			<Option target="wxChartCtrl" />
		</Unit>
		<Unit filename="wxchart/wxchart-1.0/src/label.cpp">
			<Option target="wxChartCtrl" />
		</Unit>
		<Unit filename="wxchart/wxchart-1.0/src/legend.cpp">
			<Option target="wxChartCtrl" />
		</Unit>
		<Unit filename="wxchart/wxchart-1.0/src/legendwindow.cpp">
			<Option target="wxChartCtrl" />
		</Unit>
		<Unit filename="wxchart/wxchart-1.0/src/pie3dchartpoints.cpp">
			<Option target="wxChartCtrl" />
		</Unit>
		<Unit filename="wxchart/wxchart-1.0/src/piechartpoints.cpp">
			<Option target="wxChartCtrl" />
		</Unit>
		<Unit filename="wxchart/wxchart-1.0/src/points.cpp">
			<Option target="wxChartCtrl" />
		</Unit>
		<Unit filename="wxchart/wxchart-1.0/src/xaxis.cpp">
			<Option target="wxChartCtrl" />
		</Unit>
		<Unit filename="wxchart/wxchart-1.0/src/xaxiswindow.cpp">
			<Option target="wxChartCtrl" />
		</Unit>
		<Unit filename="wxchart/wxchart-1.0/src/yaxis.cpp">
			<Option target="wxChartCtrl" />
		</Unit>
		<Unit filename="wxchart/wxchart-1.0/src/yaxiswindow.cpp">
			<Option target="wxChartCtrl" />
		</Unit>
		<Unit filename="wxchart/wxchart16.png">
			<Option target="wxSmithContribItems" />
		</Unit>
		<Unit filename="wxchart/wxchart16.xpm">
			<Option target="wxSmithContribItems" />
		</Unit>
		<Unit filename="wxchart/wxchart32.png">
			<Option target="wxSmithContribItems" />
		</Unit>
		<Unit filename="wxchart/wxchart32.xpm">
			<Option target="wxSmithContribItems" />
		</Unit>
		<Unit filename="wxchart/wxschart.cpp">
			<Option target="wxSmithContribItems" />
		</Unit>
		<Unit filename="wxchart/wxschart.h">
			<Option target="wxSmithContribItems" />
		</Unit>
		<Unit filename="wxflatnotebook/images/flatnote16.png">
			<Option target="wxSmithContribItems" />
		</Unit>
		<Unit filename="wxflatnotebook/images/flatnote16.xpm">
			<Option target="wxSmithContribItems" />
		</Unit>
		<Unit filename="wxflatnotebook/images/flatnote32.png">
			<Option target="wxSmithContribItems" />
		</Unit>
		<Unit filename="wxflatnotebook/images/flatnote32.xpm">
			<Option target="wxSmithContribItems" />
		</Unit>
		<Unit filename="wxflatnotebook/wxFlatNotebook/include/wx/wxFlatNotebook/fnb_customize_dlg.h">
			<Option target="wxFlatNoteBook" />
		</Unit>
		<Unit filename="wxflatnotebook/wxFlatNotebook/include/wx/wxFlatNotebook/fnb_resources.h">
			<Option target="wxFlatNoteBook" />
		</Unit>
		<Unit filename="wxflatnotebook/wxFlatNotebook/include/wx/wxFlatNotebook/fnb_singleton.h">
			<Option target="wxFlatNoteBook" />
		</Unit>
		<Unit filename="wxflatnotebook/wxFlatNotebook/include/wx/wxFlatNotebook/fnb_smart_ptr.h">
			<Option target="wxFlatNoteBook" />
		</Unit>
		<Unit filename="wxflatnotebook/wxFlatNotebook/include/wx/wxFlatNotebook/popup_dlg.h">
			<Option target="wxFlatNoteBook" />
		</Unit>
		<Unit filename="wxflatnotebook/wxFlatNotebook/include/wx/wxFlatNotebook/renderer.h">
			<Option target="wxFlatNoteBook" />
		</Unit>
		<Unit filename="wxflatnotebook/wxFlatNotebook/include/wx/wxFlatNotebook/wxFNBDropTarget.h">
			<Option target="wxFlatNoteBook" />
		</Unit>
		<Unit filename="wxflatnotebook/wxFlatNotebook/include/wx/wxFlatNotebook/wxFlatNotebook.h">
			<Option target="wxFlatNoteBook" />
		</Unit>
		<Unit filename="wxflatnotebook/wxFlatNotebook/include/wx/wxFlatNotebook/wxFlatNotebookSDK.h">
			<Option target="wxFlatNoteBook" />
		</Unit>
		<Unit filename="wxflatnotebook/wxFlatNotebook/include/wx/wxFlatNotebook/xh_fnb.h">
			<Option target="wxFlatNoteBook" />
		</Unit>
		<Unit filename="wxflatnotebook/wxFlatNotebook/src/wxFlatNotebook/fnb_customize_dlg.cpp">
			<Option target="wxFlatNoteBook" />
		</Unit>
		<Unit filename="wxflatnotebook/wxFlatNotebook/src/wxFlatNotebook/fnb_resources.cpp">
			<Option target="wxFlatNoteBook" />
		</Unit>
		<Unit filename="wxflatnotebook/wxFlatNotebook/src/wxFlatNotebook/popup_dlg.cpp">
			<Option target="wxFlatNoteBook" />
		</Unit>
		<Unit filename="wxflatnotebook/wxFlatNotebook/src/wxFlatNotebook/renderer.cpp">
			<Option target="wxFlatNoteBook" />
		</Unit>
		<Unit filename="wxflatnotebook/wxFlatNotebook/src/wxFlatNotebook/wxFlatNotebook.cpp">
			<Option target="wxFlatNoteBook" />
		</Unit>
		<Unit filename="wxflatnotebook/wxFlatNotebook/src/wxFlatNotebook/xh_fnb.cpp">
			<Option target="wxFlatNoteBook" />
		</Unit>
		<Unit filename="wxflatnotebook/wxsFlatNotebook.cpp">
			<Option target="wxSmithContribItems" />
		</Unit>
		<Unit filename="wxflatnotebook/wxsFlatNotebook.h">
			<Option target="wxSmithContribItems" />
		</Unit>
		<Unit filename="wxthings/wxcustombutton16.png">
			<Option target="wxSmithContribItems" />
		</Unit>
		<Unit filename="wxthings/wxcustombutton16.xpm">
			<Option target="wxSmithContribItems" />
		</Unit>
		<Unit filename="wxthings/wxcustombutton32.png">
			<Option target="wxSmithContribItems" />
		</Unit>
		<Unit filename="wxthings/wxcustombutton32.xpm">
			<Option target="wxSmithContribItems" />
		</Unit>
		<Unit filename="wxthings/wxscustombutton.cpp">
			<Option target="wxSmithContribItems" />
		</Unit>
		<Unit filename="wxthings/wxscustombutton.h">
			<Option target="wxSmithContribItems" />
		</Unit>
		<Unit filename="wxthings/wxthings/include/wx/things/toggle.h">
			<Option target="wxCustomButton" />
		</Unit>
		<Unit filename="wxthings/wxthings/src/toggle.cpp">
			<Option target="wxCustomButton" />
		</Unit>
		<Extensions>
			<code_completion />
			<envvars />
			<debugger />
		</Extensions>
	</Project>
</CodeBlocks_project_file>
