<?xml version="1.0" encoding="UTF-8" standalone="yes" ?>
<CodeBlocks_project_file>
	<FileVersion major="1" minor="6" />
	<Project>
		<Option title="wxSmith - Contrib Items" />
		<Option pch_mode="2" />
		<Option default_target="wxSmithContribItems" />
		<Option compiler="gcc" />
		<Build>
			<Target title="wxFlatNotebook">
				<Option output="..\..\..\devel\wxflatnotebook" prefix_auto="1" extension_auto="1" />
				<Option working_dir="..\..\..\devel" />
				<Option object_output="..\..\..\.objs\plugins\contrib\wxSmithContribItems\wxflatnotebook" />
				<Option type="3" />
				<Option compiler="gcc" />
				<Option createStaticLib="1" />
				<Compiler>
					<Add directory="wxflatnotebook\wxFlatNotebook\include" />
				</Compiler>
			</Target>
			<Target title="wxChartCtrl">
				<Option output="..\..\..\devel\wxchartctrl" prefix_auto="1" extension_auto="1" />
				<Option working_dir="..\..\..\devel" />
				<Option object_output="..\..\..\.objs\plugins\contrib\wxSmithContribItems\wxchart" />
				<Option type="3" />
				<Option compiler="gcc" />
				<Option createStaticLib="1" />
				<Compiler>
					<Add option="-DWXMAKINGDLL_CHART" />
					<Add directory="wxchart\wxchart-1.0\include" />
				</Compiler>
			</Target>
			<Target title="wxCustomButton">
				<Option output="..\..\..\devel\wxcustombutton" prefix_auto="1" extension_auto="1" />
				<Option working_dir="..\..\..\devel" />
				<Option object_output="..\..\..\.objs\plugins\contrib\wxSmithContribItems\wxthings" />
				<Option type="3" />
				<Option compiler="gcc" />
				<Option createStaticLib="1" />
				<Compiler>
					<Add option="-DWXMAKINGDLL_THINGS" />
					<Add directory="wxthings\wxthings\include" />
				</Compiler>
			</Target>
			<Target title="wxSmithContribItems">
				<Option platforms="Windows;" />
				<Option output="..\..\..\devel\share\CodeBlocks\plugins\wxSmithContribItems" prefix_auto="1" extension_auto="1" />
				<Option object_output="..\..\..\.objs\plugins\contrib\wxSmithContribItems" />
				<Option external_deps="..\..\..\devel\wxsmithlib.dll;" />
				<Option type="3" />
				<Option compiler="gcc" />
				<Option parameters="--debug-log --multiple-instance -na -ns -nd" />
				<Option host_application="..\..\..\devel\codeblocks.exe" />
				<Option run_host_application_in_terminal="0" />
				<Option createStaticLib="1" />
				<Option projectLinkerOptionsRelation="2" />
				<Compiler>
					<Add option="-DBUILDING_PLUGIN" />
					<Add option="-DcbDEBUG" />
					<Add option="-DCB_PRECOMP" />
					<Add directory="..\..\..\include" />
					<Add directory="..\..\..\sdk\wxscintilla\include" />
					<Add directory="..\..\..\sdk\wxpropgrid\include" />
					<Add directory="..\wxSmith" />
					<Add directory="wxchart\wxchart-1.0\include" />
					<Add directory="wxthings\wxthings\include" />
				</Compiler>
				<Linker>
					<Add option="-Wl,--enable-auto-import" />
					<Add library="wxflatnotebook" />
					<Add library="wxsmithlib" />
					<Add library="codeblocks" />
					<Add library="wxchartctrl" />
					<Add library="wxcustombutton" />
					<Add directory="wxflatnotebook" />
				</Linker>
				<ExtraCommands>
					<Add after="zip -j9 ..\..\..\devel\share\CodeBlocks\wxSmithContribItems.zip manifest.xml" />
					<Mode after="always" />
				</ExtraCommands>
			</Target>
			<Environment>
				<Variable name="WX_SUFFIX" value="u" />
				<Variable name="WX_CFG" value="" />
			</Environment>
		</Build>
		<VirtualTargets>
			<Add alias="All" targets="wxFlatNotebook;wxChartCtrl;wxCustomButton;wxSmithContribItems;" />
		</VirtualTargets>
		<Compiler>
			<Add option="-g" />
			<Add option="-pipe" />
			<Add option="-mthreads" />
			<Add option="-fmessage-length=0" />
			<Add option="-fexceptions" />
			<Add option="-Winvalid-pch" />
			<Add option="-DHAVE_W32API_H" />
			<Add option="-D__WXMSW__" />
			<Add option="-DWXUSINGDLL" />
			<Add option="-DWX_PRECOMP" />
			<Add option="-DwxUSE_UNICODE" />
			<Add option="-DWXMAKINGDLL_PROPGRID" />
			<Add option="-DwxPG_USE_WXMODULE=0" />
			<Add directory="$(#wx.include)" />
			<Add directory="$(#wx.lib)\gcc_dll$(WX_CFG)\msw$(WX_SUFFIX)" />
			<Add directory="wxflatnotebook\wxFlatNotebook\include" />
		</Compiler>
		<Linker>
			<Add option="-mthreads" />
			<Add library="wxpropgrid" />
			<Add library="wxmsw28$(WX_SUFFIX)" />
			<Add directory="..\..\..\devel" />
			<Add directory="$(#wx.lib)\gcc_dll$(WX_CFG)" />
		</Linker>
		<Unit filename="manifest.xml">
			<Option target="wxSmithContribItems" />
		</Unit>
		<Unit filename="wxSmithContribItems.cpp">
			<Option target="wxSmithContribItems" />
		</Unit>
		<Unit filename="wxSmithContribItems.h">
			<Option target="wxSmithContribItems" />
		</Unit>
		<Unit filename="wxchart\wxchart-1.0\include\wx\axis.h">
			<Option target="wxChartCtrl" />
		</Unit>
		<Unit filename="wxchart\wxchart-1.0\include\wx\bar3dchartpoints.h">
			<Option target="wxChartCtrl" />
		</Unit>
		<Unit filename="wxchart\wxchart-1.0\include\wx\barchartpoints.h">
			<Option target="wxChartCtrl" />
		</Unit>
		<Unit filename="wxchart\wxchart-1.0\include\wx\chart.h">
			<Option target="wxChartCtrl" />
		</Unit>
		<Unit filename="wxchart\wxchart-1.0\include\wx\chartart\chart_zin.bmp">
			<Option target="wxChartCtrl" />
		</Unit>
		<Unit filename="wxchart\wxchart-1.0\include\wx\chartart\chart_zin.xpm">
			<Option target="wxChartCtrl" />
		</Unit>
		<Unit filename="wxchart\wxchart-1.0\include\wx\chartart\chart_zot.bmp">
			<Option target="wxChartCtrl" />
		</Unit>
		<Unit filename="wxchart\wxchart-1.0\include\wx\chartart\chart_zot.xpm">
			<Option target="wxChartCtrl" />
		</Unit>
		<Unit filename="wxchart\wxchart-1.0\include\wx\chartcolors.h">
			<Option target="wxChartCtrl" />
		</Unit>
		<Unit filename="wxchart\wxchart-1.0\include\wx\chartctrl.h">
			<Option target="wxChartCtrl" />
		</Unit>
		<Unit filename="wxchart\wxchart-1.0\include\wx\chartdef.h">
			<Option target="wxChartCtrl" />
		</Unit>
		<Unit filename="wxchart\wxchart-1.0\include\wx\chartpoints.h">
			<Option target="wxChartCtrl" />
		</Unit>
		<Unit filename="wxchart\wxchart-1.0\include\wx\chartpointstypes.h">
			<Option target="wxChartCtrl" />
		</Unit>
		<Unit filename="wxchart\wxchart-1.0\include\wx\chartsizes.h">
			<Option target="wxChartCtrl" />
		</Unit>
		<Unit filename="wxchart\wxchart-1.0\include\wx\charttypes.h">
			<Option target="wxChartCtrl" />
		</Unit>
		<Unit filename="wxchart\wxchart-1.0\include\wx\chartwindow.h">
			<Option target="wxChartCtrl" />
		</Unit>
		<Unit filename="wxchart\wxchart-1.0\include\wx\label.h">
			<Option target="wxChartCtrl" />
		</Unit>
		<Unit filename="wxchart\wxchart-1.0\include\wx\legend.h">
			<Option target="wxChartCtrl" />
		</Unit>
		<Unit filename="wxchart\wxchart-1.0\include\wx\legendwindow.h">
			<Option target="wxChartCtrl" />
		</Unit>
		<Unit filename="wxchart\wxchart-1.0\include\wx\pie3dchartpoints.h">
			<Option target="wxChartCtrl" />
		</Unit>
		<Unit filename="wxchart\wxchart-1.0\include\wx\piechartpoints.h">
			<Option target="wxChartCtrl" />
		</Unit>
		<Unit filename="wxchart\wxchart-1.0\include\wx\points.h">
			<Option target="wxChartCtrl" />
		</Unit>
		<Unit filename="wxchart\wxchart-1.0\include\wx\xaxis.h">
			<Option target="wxChartCtrl" />
		</Unit>
		<Unit filename="wxchart\wxchart-1.0\include\wx\xaxiswindow.h">
			<Option target="wxChartCtrl" />
		</Unit>
		<Unit filename="wxchart\wxchart-1.0\include\wx\yaxis.h">
			<Option target="wxChartCtrl" />
		</Unit>
		<Unit filename="wxchart\wxchart-1.0\include\wx\yaxiswindow.h">
			<Option target="wxChartCtrl" />
		</Unit>
		<Unit filename="wxchart\wxchart-1.0\src\axis.cpp">
			<Option target="wxChartCtrl" />
		</Unit>
		<Unit filename="wxchart\wxchart-1.0\src\bar3dchartpoints.cpp">
			<Option target="wxChartCtrl" />
		</Unit>
		<Unit filename="wxchart\wxchart-1.0\src\barchartpoints.cpp">
			<Option target="wxChartCtrl" />
		</Unit>
		<Unit filename="wxchart\wxchart-1.0\src\chart.cpp">
			<Option target="wxChartCtrl" />
		</Unit>
		<Unit filename="wxchart\wxchart-1.0\src\chartcolors.cpp">
			<Option target="wxChartCtrl" />
		</Unit>
		<Unit filename="wxchart\wxchart-1.0\src\chartctrl.cpp">
			<Option target="wxChartCtrl" />
		</Unit>
		<Unit filename="wxchart\wxchart-1.0\src\chartsizes.cpp">
			<Option target="wxChartCtrl" />
		</Unit>
		<Unit filename="wxchart\wxchart-1.0\src\chartwindow.cpp">
			<Option target="wxChartCtrl" />
		</Unit>
		<Unit filename="wxchart\wxchart-1.0\src\label.cpp">
			<Option target="wxChartCtrl" />
		</Unit>
		<Unit filename="wxchart\wxchart-1.0\src\legend.cpp">
			<Option target="wxChartCtrl" />
		</Unit>
		<Unit filename="wxchart\wxchart-1.0\src\legendwindow.cpp">
			<Option target="wxChartCtrl" />
		</Unit>
		<Unit filename="wxchart\wxchart-1.0\src\pie3dchartpoints.cpp">
			<Option target="wxChartCtrl" />
		</Unit>
		<Unit filename="wxchart\wxchart-1.0\src\piechartpoints.cpp">
			<Option target="wxChartCtrl" />
		</Unit>
		<Unit filename="wxchart\wxchart-1.0\src\points.cpp">
			<Option target="wxChartCtrl" />
		</Unit>
		<Unit filename="wxchart\wxchart-1.0\src\xaxis.cpp">
			<Option target="wxChartCtrl" />
		</Unit>
		<Unit filename="wxchart\wxchart-1.0\src\xaxiswindow.cpp">
			<Option target="wxChartCtrl" />
		</Unit>
		<Unit filename="wxchart\wxchart-1.0\src\yaxis.cpp">
			<Option target="wxChartCtrl" />
		</Unit>
		<Unit filename="wxchart\wxchart-1.0\src\yaxiswindow.cpp">
			<Option target="wxChartCtrl" />
		</Unit>
		<Unit filename="wxchart\wxchart16.png">
			<Option target="wxSmithContribItems" />
		</Unit>
		<Unit filename="wxchart\wxchart16.xpm">
			<Option target="wxSmithContribItems" />
		</Unit>
		<Unit filename="wxchart\wxchart32.png">
			<Option target="wxSmithContribItems" />
		</Unit>
		<Unit filename="wxchart\wxchart32.xpm">
			<Option target="wxSmithContribItems" />
		</Unit>
		<Unit filename="wxchart\wxschart.cpp">
			<Option target="wxSmithContribItems" />
		</Unit>
		<Unit filename="wxchart\wxschart.h">
			<Option target="wxSmithContribItems" />
		</Unit>
		<Unit filename="wxflatnotebook\images\flatnote16.png">
			<Option target="wxSmithContribItems" />
		</Unit>
		<Unit filename="wxflatnotebook\images\flatnote16.xpm">
			<Option target="wxSmithContribItems" />
		</Unit>
		<Unit filename="wxflatnotebook\images\flatnote32.png">
			<Option target="wxSmithContribItems" />
		</Unit>
		<Unit filename="wxflatnotebook\images\flatnote32.xpm">
			<Option target="wxSmithContribItems" />
		</Unit>
		<Unit filename="wxflatnotebook\wxFlatNotebook\include\wx\wxFlatNotebook\fnb_customize_dlg.h">
			<Option target="wxFlatNotebook" />
		</Unit>
		<Unit filename="wxflatnotebook\wxFlatNotebook\include\wx\wxFlatNotebook\fnb_resources.h">
			<Option target="wxFlatNotebook" />
		</Unit>
		<Unit filename="wxflatnotebook\wxFlatNotebook\include\wx\wxFlatNotebook\fnb_singleton.h">
			<Option target="wxFlatNotebook" />
		</Unit>
		<Unit filename="wxflatnotebook\wxFlatNotebook\include\wx\wxFlatNotebook\fnb_smart_ptr.h">
			<Option target="wxFlatNotebook" />
		</Unit>
		<Unit filename="wxflatnotebook\wxFlatNotebook\include\wx\wxFlatNotebook\popup_dlg.h">
			<Option target="wxFlatNotebook" />
		</Unit>
		<Unit filename="wxflatnotebook\wxFlatNotebook\include\wx\wxFlatNotebook\renderer.h">
			<Option target="wxFlatNotebook" />
		</Unit>
		<Unit filename="wxflatnotebook\wxFlatNotebook\include\wx\wxFlatNotebook\wxFNBDropTarget.h">
			<Option target="wxFlatNotebook" />
		</Unit>
		<Unit filename="wxflatnotebook\wxFlatNotebook\include\wx\wxFlatNotebook\wxFlatNotebook.h">
			<Option target="wxFlatNotebook" />
		</Unit>
		<Unit filename="wxflatnotebook\wxFlatNotebook\include\wx\wxFlatNotebook\wxFlatNotebookSDK.h">
			<Option target="wxFlatNotebook" />
		</Unit>
		<Unit filename="wxflatnotebook\wxFlatNotebook\include\wx\wxFlatNotebook\xh_fnb.h">
			<Option target="wxFlatNotebook" />
		</Unit>
		<Unit filename="wxflatnotebook\wxFlatNotebook\src\wxFlatNotebook\fnb_customize_dlg.cpp">
			<Option target="wxFlatNotebook" />
		</Unit>
		<Unit filename="wxflatnotebook\wxFlatNotebook\src\wxFlatNotebook\fnb_resources.cpp">
			<Option target="wxFlatNotebook" />
		</Unit>
		<Unit filename="wxflatnotebook\wxFlatNotebook\src\wxFlatNotebook\popup_dlg.cpp">
			<Option target="wxFlatNotebook" />
		</Unit>
		<Unit filename="wxflatnotebook\wxFlatNotebook\src\wxFlatNotebook\renderer.cpp">
			<Option target="wxFlatNotebook" />
		</Unit>
		<Unit filename="wxflatnotebook\wxFlatNotebook\src\wxFlatNotebook\wxFlatNotebook.cpp">
			<Option target="wxFlatNotebook" />
		</Unit>
		<Unit filename="wxflatnotebook\wxFlatNotebook\src\wxFlatNotebook\xh_fnb.cpp">
			<Option target="wxFlatNotebook" />
		</Unit>
		<Unit filename="wxflatnotebook\wxsFlatNotebook.cpp">
			<Option target="wxSmithContribItems" />
		</Unit>
		<Unit filename="wxflatnotebook\wxsFlatNotebook.h">
			<Option target="wxSmithContribItems" />
		</Unit>
		<Unit filename="wxthings\wxcustombutton16.png">
			<Option target="wxSmithContribItems" />
		</Unit>
		<Unit filename="wxthings\wxcustombutton16.xpm">
			<Option target="wxSmithContribItems" />
		</Unit>
		<Unit filename="wxthings\wxcustombutton32.png">
			<Option target="wxSmithContribItems" />
		</Unit>
		<Unit filename="wxthings\wxcustombutton32.xpm">
			<Option target="wxSmithContribItems" />
		</Unit>
		<Unit filename="wxthings\wxscustombutton.cpp">
			<Option target="wxSmithContribItems" />
		</Unit>
		<Unit filename="wxthings\wxscustombutton.h">
			<Option target="wxSmithContribItems" />
		</Unit>
		<Unit filename="wxthings\wxthings\include\wx\things\toggle.h">
			<Option target="wxCustomButton" />
		</Unit>
		<Unit filename="wxthings\wxthings\src\toggle.cpp">
			<Option target="wxCustomButton" />
		</Unit>
		<Extensions>
			<code_completion />
			<envvars />
			<debugger />
		</Extensions>
	</Project>
</CodeBlocks_project_file>
