<?xml version="1.0" encoding="UTF-8" standalone="yes" ?>
<CodeBlocks_project_file>
	<FileVersion major="1" minor="6" />
	<Project>
		<Option title="RegExTestbed (Unix)" />
		<Option pch_mode="2" />
		<Option compiler="gcc" />
		<Build>
			<Target title="default">
				<Option output="../../../devel/share/codeblocks/plugins/RegExTestbed" prefix_auto="1" extension_auto="1" />
				<Option object_output="../../../.objs/plugins/contrib/regex_testbed" />
				<Option type="3" />
				<Option compiler="gcc" />
				<Option parameters="--debug-log --multiple-instance -ns -ni" />
				<Option host_application="../../../devel/codeblocks" />
				<Option run_host_application_in_terminal="0" />
				<Compiler>
					<Add option="-g" />
					<Add option="-pipe" />
					<Add option="-fmessage-length=0" />
					<Add option="-fexceptions" />
					<Add option="-Winvalid-pch" />
					<Add option="`wx-config --cflags`" />
					<Add option="-fPIC" />
					<Add option="-DPIC" />
					<Add option="-DcbDEBUG" />
					<Add option="-DCB_PRECOMP" />
					<Add directory="../../../include" />
					<Add directory="../../../sdk/wxscintilla/include" />
				</Compiler>
				<Linker>
					<Add option="`wx-config --libs`" />
					<Add library="codeblocks" />
					<Add directory="../../../devel" />
				</Linker>
				<ExtraCommands>
					<Add after="zip -j9 ../../../devel/share/codeblocks/RegExTestbed.zip manifest.xml *.xrc" />
					<Mode after="always" />
				</ExtraCommands>
			</Target>
		</Build>
		<VirtualTargets>
			<Add alias="All" targets="default;" />
		</VirtualTargets>
		<Compiler>
			<Add option="-Wextra" />
			<Add option="-Wall" />
			<Add option="-Ulinux" />
			<Add option="-Uunix" />
		</Compiler>
		<Unit filename="RegExTestbed.cpp" />
		<Unit filename="RegExTestbed.h" />
		<Unit filename="manifest.xml" />
		<Unit filename="regexdlg.cpp" />
		<Unit filename="regexdlg.h" />
		<Unit filename="wxsmith/RegExDlg.wxs" />
		<Extensions>
			<code_completion />
			<wxsmith version="1">
				<gui name="wxWidgets" src="" main="" init_handlers="necessary" language="CPP" />
				<resources>
					<wxScrollingDialog wxs="wxsmith/RegExDlg.wxs" src="regexdlg.cpp" hdr="regexdlg.h" xrc="regexdlg.xrc" fwddecl="0" i18n="1" name="regex_dialog" language="CPP" />
				</resources>
			</wxsmith>
			<envvars />
			<debugger />
		</Extensions>
	</Project>
</CodeBlocks_project_file>
