<?xml version="1.0"?>
<!DOCTYPE CodeBlocks_project_file>
<CodeBlocks_project_file>
	<FileVersion major="1" minor="1"/>
	<Project>
		<Option title="test"/>
		<Option makefile="Makefile"/>
		<Option makefile_is_custom="0"/>
		<Option active_target="0"/>
		<Option compiler="0"/>
		<Build>
			<Target title="test - Win32 Release">
				<Option output="..\..\lib\test.exe"/>
				<Option working_dir="."/>
				<Option object_output=".objs"/>
				<Option deps_output=".deps"/>
				<Option external_deps=""/>
				<Option additional_depfiles=""/>
				<Option type="0"/>
				<Option compiler="0"/>
				<Option includeInTargetAll="0"/>
				<Compiler>
					<Add option="-O2"/>
					<Add option="-fexceptions"/>
					<Add option="-D__GNUWIN32__"/>
					<Add option="-D__WXMSW__"/>
					<Add option="-D__WX__"/>
					<Add option="-DWINVER=0x400"/>
					<Add option="-DWXUSINGDLL"/>
					<Add directory="$(WXSTABLE)\include"/>
					<Add directory="..\..\include"/>
					<Add directory="$(WXSTABLE)\lib\mswdll"/>
				</Compiler>
				<ResourceCompiler>
					<Add directory="$(WXSTABLE)\include"/>
				</ResourceCompiler>
				<Linker>
					<Add library="wxmsw242"/>
					<Add library="wxscintilla"/>
					<Add directory="$(WXSTABLE)\lib"/>
					<Add directory="..\..\lib"/>
				</Linker>
			</Target>
			<Environment>
				<Variable name="WXSTABLE" value="C:\Devel\wxWindows-2.4.2"/>
			</Environment>
		</Build>
		<Unit filename="defsext.h">
			<Option compilerVar=""/>
			<Option compile="0"/>
			<Option link="0"/>
			<Option target="test - Win32 Release"/>
		</Unit>
		<Unit filename="edit.cpp">
			<Option compilerVar="CPP"/>
			<Option target="test - Win32 Release"/>
		</Unit>
		<Unit filename="edit.h">
			<Option compilerVar=""/>
			<Option compile="0"/>
			<Option link="0"/>
			<Option target="test - Win32 Release"/>
		</Unit>
		<Unit filename="prefs.cpp">
			<Option compilerVar="CPP"/>
			<Option target="test - Win32 Release"/>
		</Unit>
		<Unit filename="prefs.h">
			<Option compilerVar=""/>
			<Option compile="0"/>
			<Option link="0"/>
			<Option target="test - Win32 Release"/>
		</Unit>
		<Unit filename="test.cpp">
			<Option compilerVar="CPP"/>
			<Option target="test - Win32 Release"/>
		</Unit>
		<Unit filename="test.ico">
			<Option compilerVar=""/>
			<Option compile="0"/>
			<Option link="0"/>
			<Option target="test - Win32 Release"/>
		</Unit>
		<Unit filename="test.rc">
			<Option compilerVar="WINDRES"/>
			<Option objectName="test.res"/>
			<Option target="test - Win32 Release"/>
		</Unit>
	</Project>
</CodeBlocks_project_file>
