<?xml version="1.0" encoding="UTF-8" standalone="yes" ?>
<CodeBlocks_project_file>
	<FileVersion major="1" minor="6" />
	<Project>
		<Option title="Cccc wx2.9.x (Unix)" />
		<Option pch_mode="0" />
		<Option compiler="gcc" />
		<Build>
			<Target title="default">
				<Option output="../../../devel29/share/codeblocks/plugins/Cccc" prefix_auto="1" extension_auto="1" />
				<Option object_output="../../../.objs29/plugins/contrib/Cccc" />
				<Option type="3" />
				<Option compiler="gcc" />
				<Option parameters="--debug-log --multiple-instance -ns -ni" />
				<Option host_application="../../../devel29/codeblocks" />
				<Option run_host_application_in_terminal="0" />
				<Option projectCompilerOptionsRelation="0" />
			</Target>
			<Environment>
				<Variable name="WX_CONFIG" value="wx-config --version=2.9" />
			</Environment>
		</Build>
		<VirtualTargets>
			<Add alias="All" targets="default;" />
		</VirtualTargets>
		<Compiler>
			<Add option="-Wextra" />
			<Add option="-Wall" />
			<Add option="-ansi" />
			<Add option="$(#CB_RELEASE_TYPE)" />
			<Add option="`$(WX_CONFIG) --cflags`" />
			<Add option="-Winvalid-pch" />
			<Add option="-fexceptions" />
			<Add option="-fPIC" />
			<Add option="-DCB_PRECOMP" />
			<Add option="-DcbDEBUG" />
			<Add directory="../../../include" />
			<Add directory="../../../sdk/wxscintilla/include" />
		</Compiler>
		<Linker>
			<Add option="`$(WX_CONFIG) --libs`" />
			<Add option="-Wl,--no-undefined" />
			<Add library="codeblocks" />
			<Add directory="../../../devel29" />
		</Linker>
		<ExtraCommands>
			<Add after="zip -j9 ../../../devel29/share/codeblocks/Cccc.zip resources/manifest.xml" />
			<Mode after="always" />
		</ExtraCommands>
		<Unit filename="Cccc.cpp" />
		<Unit filename="Cccc.h" />
		<Extensions>
			<code_completion />
			<envvars />
			<debugger />
		</Extensions>
	</Project>
</CodeBlocks_project_file>
