<?xml version="1.0" encoding="UTF-8" standalone="yes" ?>
<CodeBlocks_project_file>
	<FileVersion major="1" minor="6" />
	<Project>
		<Option title="Debugger UnitTest++" />
		<Option pch_mode="2" />
		<Option compiler="gcc" />
		<Build>
			<Target title="debuggergdb_test">
				<Option output="..\..\devel\debuggergdb_test" prefix_auto="1" extension_auto="1" />
				<Option working_dir="..\..\devel" />
				<Option object_output="..\..\.objs\plugins\debuggergdb\debuggergdb_test" />
				<Option type="1" />
				<Option compiler="gcc" />
			</Target>
			<Environment>
				<Variable name="WX_SUFFIX" value="u" />
			</Environment>
		</Build>
		<VirtualTargets>
			<Add alias="All" targets="debuggergdb_test;" />
		</VirtualTargets>
		<Compiler>
			<Add option="-Wall" />
			<Add option="$(#CB_RELEASE_TYPE)" />
			<Add option="-pipe" />
			<Add option="-mthreads" />
			<Add option="-fmessage-length=0" />
			<Add option="-fexceptions" />
			<Add option="-D__GNUWIN32__" />
			<Add option="-D__WXMSW__" />
			<Add option="-DWXUSINGDLL" />
			<Add option="-DwxUSE_UNICODE" />
			<Add option="-DcbDEBUG" />
			<Add option="-DCB_TEST_PROJECT" />
			<Add directory="$(#WX.include)" />
			<Add directory="$(#WX.lib)\gcc_dll\mswu" />
			<Add directory="$(#unittest_pp.include)" />
			<Add directory="." />
			<Add directory="..\..\include" />
			<Add directory="..\..\devel" />
			<Add directory="..\..\include\scripting\include" />
			<Add directory="..\..\include\scripting\sqplus" />
		</Compiler>
		<ResourceCompiler>
			<Add directory="$(#WX.include)" />
			<Add directory="$(#WX.lib)\gcc_dll\mswu" />
		</ResourceCompiler>
		<Linker>
			<Add option="-Wl,--enable-auto-import" />
			<Add option="-mthreads" />
			<Add library="wxmsw28$(WX_SUFFIX)" />
			<Add library="codeblocks" />
			<Add library="UnitTest++" />
			<Add directory="$(#unittest_pp.lib)\" />
			<Add directory="$(#WX.lib)\gcc_dll" />
			<Add directory="..\..\devel" />
		</Linker>
		<ExtraCommands>
			<Add after="$(TARGET_OUTPUT_FILE)" />
			<Mode after="always" />
		</ExtraCommands>
		<Unit filename="debugger_defs.cpp" />
		<Unit filename="debugger_defs.h" />
		<Unit filename="debuggergdb_test_backtrace.cpp" />
		<Unit filename="debuggergdb_test_common.h" />
		<Unit filename="debuggergdb_test_defs.cpp" />
		<Unit filename="debuggergdb_test_main.cpp" />
		<Unit filename="debuggergdb_test_parser.cpp" />
		<Unit filename="debuggergdb_test_parser_cdb.cpp" />
		<Unit filename="debuggeroptionsprjdlg.h" />
		<Unit filename="gdb_commands.h" />
		<Unit filename="parsewatchvalue.cpp" />
		<Unit filename="parsewatchvalue.h" />
		<Extensions>
			<envvars />
			<code_completion />
			<debugger />
		</Extensions>
	</Project>
</CodeBlocks_project_file>
