<?xml version="1.0" encoding="UTF-8" standalone="yes" ?>
<CodeBlocks_project_file>
	<FileVersion major="1" minor="6" />
	<Project>
		<Option title="AutoVersioning" />
		<Option pch_mode="2" />
		<Option compiler="gcc" />
		<Build>
			<Target title="default">
				<Option output="$(#cb)\devel\share\codeblocks\plugins\AutoVersioning.dll" prefix_auto="0" extension_auto="0" />
				<Option object_output="$(#cb)\.objs\plugins\contrib\AutoVersioning" />
				<Option type="3" />
				<Option compiler="gcc" />
				<Option host_application="$(#cb)\devel\codeblocks" />
				<Compiler>
					<Add option="-pipe" />
					<Add option="-mthreads" />
					<Add option="-fmessage-length=0" />
					<Add option="-fexceptions" />
					<Add option="-Winvalid-pch" />
					<Add option="-DBUILDING_PLUGIN" />
					<Add option="-DHAVE_W32API_H" />
					<Add option="-D__WXMSW__" />
					<Add option="-DWXUSINGDLL" />
					<Add option="-DcbDEBUG" />
					<Add option="-DCB_PRECOMP" />
					<Add option="-DWX_PRECOMP" />
					<Add option="-DwxUSE_UNICODE" />
					<Add directory="$(#CB.include)" />
					<Add directory="$(#WX.include)" />
					<Add directory="$(#WX.lib)\gcc_dll$(WX_CFG)\msw$(WX_SUFFIX)" />
					<Add directory="$(#CB.include)\wxscintilla\include" />
				</Compiler>
				<Linker>
					<Add option="-s" />
					<Add library="wxmsw28$(WX_SUFFIX)" />
					<Add library="codeblocks" />
					<Add directory="$(#CB)\devel" />
					<Add directory="$(#WX.lib)\gcc_dll$(WX_CFG)" />
				</Linker>
				<ExtraCommands>
					<Add after="zip -j9 $(#cb)\devel\share\codeblocks\AutoVersioning.zip manifest.xml" />
					<Mode after="always" />
				</ExtraCommands>
			</Target>
			<Environment>
				<Variable name="WX_SUFFIX" value="u" />
				<Variable name="WX_CFG" value="" />
			</Environment>
		</Build>
		<VirtualTargets>
			<Add alias="All" targets="default;" />
		</VirtualTargets>
		<Compiler>
			<Add option="-Wall" />
			<Add option="-g" />
		</Compiler>
		<Unit filename="AutoVersioning.cpp" />
		<Unit filename="AutoVersioning.h" />
		<Unit filename="avChangesDlg.cpp" />
		<Unit filename="avChangesDlg.h" />
		<Unit filename="avConfig.h" />
		<Unit filename="avHeader.cpp" />
		<Unit filename="avHeader.h" />
		<Unit filename="avSvnRevision.cpp" />
		<Unit filename="avSvnRevision.h" />
		<Unit filename="avVersionEditorDlg.cpp" />
		<Unit filename="avVersionEditorDlg.h" />
		<Unit filename="license.txt" />
		<Unit filename="manifest.xml" />
		<Extensions>
			<code_completion />
			<envvars />
			<wxsmith version="1">
				<gui name="wxWidgets" src="avVersionEditorDlg.cpp" main="avVersionEditorDlg" init_handlers="necessary" language="CPP" />
				<resources>
					<wxDialog wxs="wxsmith/avVersionEditorDlg.wxs" src="avVersionEditorDlg.cpp" hdr="avVersionEditorDlg.h" name="avVersionEditorDlg" language="CPP" />
					<wxDialog wxs="wxsmith/avChangesDlg.wxs" src="avChangesDlg.cpp" hdr="avChangesDlg.h" name="avChangesDlg" language="CPP" />
				</resources>
			</wxsmith>
			<debugger />
		</Extensions>
	</Project>
</CodeBlocks_project_file>
