<?xml version="1.0"?>
<!DOCTYPE CodeBlocks_project_file>
<CodeBlocks_project_file>
	<FileVersion major="1" minor="1"/>
	<Project>
		<Option title="wxSmith for wx 2.6"/>
		<Option makefile="Makefile"/>
		<Option makefile_is_custom="0"/>
		<Option default_target="1"/>
		<Option compiler="0"/>
		<Build>
			<Target title="PropGrid">
				<Option output="propgrid\libpropgrid.a"/>
				<Option working_dir=""/>
				<Option object_output=".objs"/>
				<Option deps_output=".deps"/>
				<Option type="2"/>
				<Option compiler="0"/>
				<Option projectResourceIncludeDirsRelation="2"/>
				<Compiler>
					<Add option="-DHAVE_W32API_H"/>
					<Add option="-D__WXMSW__"/>
					<Add option="-DWXUSINGDLL"/>
				</Compiler>
			</Target>
			<Target title="wxSmith">
				<Option output="..\..\..\devel\share\CodeBlocks\plugins\wxsmith.dll"/>
				<Option working_dir="..\..\..\devel"/>
				<Option object_output=".objs"/>
				<Option deps_output=".deps"/>
				<Option type="3"/>
				<Option compiler="0"/>
				<Option host_application="./codeblocks.exe"/>
				<Compiler>
					<Add option="-g"/>
					<Add option="-DHAVE_W32API_H"/>
					<Add option="-D__WXMSW__"/>
					<Add option="-DWXUSINGDLL"/>
				</Compiler>
				<Linker>
					<Add option="-ggdb"/>
					<Add library="codeblocks"/>
					<Add library="libpropgrid.a"/>
					<Add library="wxmsw26"/>
					<Add library="libwxscintilla.a"/>
				</Linker>
			</Target>
		</Build>
		<Compiler>
			<Add option="-Wall"/>
			<Add option="-g"/>
			<Add option="-ggdb"/>
			<Add option="-D__GNUWIN32__"/>
			<Add option="-DBUILDING_PLUGIN"/>
			<Add option="-DTIXML_USE_STL"/>
			<Add directory="..\..\..\sdk"/>
			<Add directory="..\..\..\sdk\wxscintilla\include"/>
			<Add directory="propgrid\include"/>
			<Add directory="$(WX_DIR)\include"/>
			<Add directory="$(WX_DIR)\lib\gcc_dll\msw"/>
			<Add directory="$(WX_DIR)\lib\gcc_dll$(WX_CFG)\msw"/>
			<Add directory="$(WX_DIR)\contrib\include"/>
		</Compiler>
		<Linker>
			<Add option="-i"/>
			<Add directory="..\..\..\devel"/>
			<Add directory="propgrid"/>
			<Add directory="$(WX_DIR)\lib\gcc_dll"/>
			<Add directory="$(WX_DIR)\lib\gcc_dll$(WX_CFG)"/>
		</Linker>
		<ExtraCommands>
			<Mode after="always" />
			<Add after="update.bat"/>
		</ExtraCommands>
		<Unit filename="defwidgets\wxsboxsizer.cpp">
			<Option compilerVar="CPP"/>
			<Option target="wxSmith"/>
		</Unit>
		<Unit filename="defwidgets\wxsboxsizer.h">
			<Option compilerVar=""/>
			<Option compile="0"/>
			<Option link="0"/>
			<Option target="wxSmith"/>
		</Unit>
		<Unit filename="defwidgets\wxsbutton.cpp">
			<Option compilerVar="CPP"/>
			<Option target="wxSmith"/>
		</Unit>
		<Unit filename="defwidgets\wxsbutton.h">
			<Option compilerVar=""/>
			<Option compile="0"/>
			<Option link="0"/>
			<Option target="wxSmith"/>
		</Unit>
		<Unit filename="defwidgets\wxscheckbox.cpp">
			<Option compilerVar="CPP"/>
			<Option target="wxSmith"/>
		</Unit>
		<Unit filename="defwidgets\wxscheckbox.h">
			<Option compilerVar=""/>
			<Option compile="0"/>
			<Option link="0"/>
			<Option target="wxSmith"/>
		</Unit>
		<Unit filename="defwidgets\wxscombobox.cpp">
			<Option compilerVar="CPP"/>
			<Option target="wxSmith"/>
		</Unit>
		<Unit filename="defwidgets\wxscombobox.h">
			<Option compilerVar=""/>
			<Option compile="0"/>
			<Option link="0"/>
			<Option target="wxSmith"/>
		</Unit>
		<Unit filename="defwidgets\wxsdatepickerctrl.cpp">
			<Option compilerVar="CPP"/>
			<Option target="wxSmith"/>
		</Unit>
		<Unit filename="defwidgets\wxsdatepickerctrl.h">
			<Option compilerVar=""/>
			<Option compile="0"/>
			<Option link="0"/>
			<Option target="wxSmith"/>
		</Unit>
		<Unit filename="defwidgets\wxsdialog.cpp">
			<Option compilerVar="CPP"/>
			<Option target="wxSmith"/>
		</Unit>
		<Unit filename="defwidgets\wxsdialog.h">
			<Option compilerVar=""/>
			<Option compile="0"/>
			<Option link="0"/>
			<Option target="wxSmith"/>
		</Unit>
		<Unit filename="defwidgets\wxsflexgridsizer.cpp">
			<Option compilerVar="CPP"/>
			<Option target="wxSmith"/>
		</Unit>
		<Unit filename="defwidgets\wxsflexgridsizer.h">
			<Option compilerVar=""/>
			<Option compile="0"/>
			<Option link="0"/>
			<Option target="wxSmith"/>
		</Unit>
		<Unit filename="defwidgets\wxsframe.cpp">
			<Option compilerVar="CPP"/>
			<Option target="wxSmith"/>
		</Unit>
		<Unit filename="defwidgets\wxsframe.h">
			<Option compilerVar=""/>
			<Option compile="0"/>
			<Option link="0"/>
			<Option target="wxSmith"/>
		</Unit>
		<Unit filename="defwidgets\wxsgauge.cpp">
			<Option compilerVar="CPP"/>
			<Option target="wxSmith"/>
		</Unit>
		<Unit filename="defwidgets\wxsgauge.h">
			<Option compilerVar=""/>
			<Option compile="0"/>
			<Option link="0"/>
			<Option target="wxSmith"/>
		</Unit>
		<Unit filename="defwidgets\wxsgridsizer.cpp">
			<Option compilerVar="CPP"/>
			<Option target="wxSmith"/>
		</Unit>
		<Unit filename="defwidgets\wxsgridsizer.h">
			<Option compilerVar=""/>
			<Option compile="0"/>
			<Option link="0"/>
			<Option target="wxSmith"/>
		</Unit>
		<Unit filename="defwidgets\wxslistbook.cpp">
			<Option compilerVar="CPP"/>
			<Option target="wxSmith"/>
		</Unit>
		<Unit filename="defwidgets\wxslistbook.h">
			<Option compilerVar=""/>
			<Option compile="0"/>
			<Option link="0"/>
			<Option target="wxSmith"/>
		</Unit>
		<Unit filename="defwidgets\wxslistbox.cpp">
			<Option compilerVar="CPP"/>
			<Option target="wxSmith"/>
		</Unit>
		<Unit filename="defwidgets\wxslistbox.h">
			<Option compilerVar=""/>
			<Option compile="0"/>
			<Option link="0"/>
			<Option target="wxSmith"/>
		</Unit>
		<Unit filename="defwidgets\wxsnotebook.cpp">
			<Option compilerVar="CPP"/>
			<Option target="wxSmith"/>
		</Unit>
		<Unit filename="defwidgets\wxsnotebook.h">
			<Option compilerVar=""/>
			<Option compile="0"/>
			<Option link="0"/>
			<Option target="wxSmith"/>
		</Unit>
		<Unit filename="defwidgets\wxspanel.cpp">
			<Option compilerVar="CPP"/>
			<Option target="wxSmith"/>
		</Unit>
		<Unit filename="defwidgets\wxspanel.h">
			<Option compilerVar=""/>
			<Option compile="0"/>
			<Option link="0"/>
			<Option target="wxSmith"/>
		</Unit>
		<Unit filename="defwidgets\wxsradiobox.cpp">
			<Option compilerVar="CPP"/>
			<Option target="wxSmith"/>
		</Unit>
		<Unit filename="defwidgets\wxsradiobox.h">
			<Option compilerVar=""/>
			<Option compile="0"/>
			<Option link="0"/>
			<Option target="wxSmith"/>
		</Unit>
		<Unit filename="defwidgets\wxsradiobutton.cpp">
			<Option compilerVar="CPP"/>
			<Option target="wxSmith"/>
		</Unit>
		<Unit filename="defwidgets\wxsradiobutton.h">
			<Option compilerVar=""/>
			<Option compile="0"/>
			<Option link="0"/>
			<Option target="wxSmith"/>
		</Unit>
		<Unit filename="defwidgets\wxsscrollbar.cpp">
			<Option compilerVar="CPP"/>
			<Option target="wxSmith"/>
		</Unit>
		<Unit filename="defwidgets\wxsscrollbar.h">
			<Option compilerVar=""/>
			<Option compile="0"/>
			<Option link="0"/>
			<Option target="wxSmith"/>
		</Unit>
		<Unit filename="defwidgets\wxsspacer.cpp">
			<Option compilerVar="CPP"/>
			<Option target="wxSmith"/>
		</Unit>
		<Unit filename="defwidgets\wxsspacer.h">
			<Option compilerVar=""/>
			<Option compile="0"/>
			<Option link="0"/>
			<Option target="wxSmith"/>
		</Unit>
		<Unit filename="defwidgets\wxsspinbutton.cpp">
			<Option compilerVar="CPP"/>
			<Option target="wxSmith"/>
		</Unit>
		<Unit filename="defwidgets\wxsspinbutton.h">
			<Option compilerVar=""/>
			<Option compile="0"/>
			<Option link="0"/>
			<Option target="wxSmith"/>
		</Unit>
		<Unit filename="defwidgets\wxsspinctrl.cpp">
			<Option compilerVar="CPP"/>
			<Option target="wxSmith"/>
		</Unit>
		<Unit filename="defwidgets\wxsspinctrl.h">
			<Option compilerVar=""/>
			<Option compile="0"/>
			<Option link="0"/>
			<Option target="wxSmith"/>
		</Unit>
		<Unit filename="defwidgets\wxssplitterwindow.cpp">
			<Option compilerVar="CPP"/>
			<Option target="wxSmith"/>
		</Unit>
		<Unit filename="defwidgets\wxssplitterwindow.h">
			<Option compilerVar=""/>
			<Option compile="0"/>
			<Option link="0"/>
			<Option target="wxSmith"/>
		</Unit>
		<Unit filename="defwidgets\wxsstaticboxsizer.cpp">
			<Option compilerVar="CPP"/>
			<Option target="wxSmith"/>
		</Unit>
		<Unit filename="defwidgets\wxsstaticboxsizer.h">
			<Option compilerVar=""/>
			<Option compile="0"/>
			<Option link="0"/>
			<Option target="wxSmith"/>
		</Unit>
		<Unit filename="defwidgets\wxsstaticline.cpp">
			<Option compilerVar="CPP"/>
			<Option target="wxSmith"/>
		</Unit>
		<Unit filename="defwidgets\wxsstaticline.h">
			<Option compilerVar=""/>
			<Option compile="0"/>
			<Option link="0"/>
			<Option target="wxSmith"/>
		</Unit>
		<Unit filename="defwidgets\wxsstatictext.cpp">
			<Option compilerVar="CPP"/>
			<Option target="wxSmith"/>
		</Unit>
		<Unit filename="defwidgets\wxsstatictext.h">
			<Option compilerVar=""/>
			<Option compile="0"/>
			<Option link="0"/>
			<Option target="wxSmith"/>
		</Unit>
		<Unit filename="defwidgets\wxsstdmanager.cpp">
			<Option compilerVar="CPP"/>
			<Option target="wxSmith"/>
		</Unit>
		<Unit filename="defwidgets\wxsstdmanager.h">
			<Option compilerVar=""/>
			<Option compile="0"/>
			<Option link="0"/>
			<Option target="wxSmith"/>
		</Unit>
		<Unit filename="defwidgets\wxstextctrl.cpp">
			<Option compilerVar="CPP"/>
			<Option target="wxSmith"/>
		</Unit>
		<Unit filename="defwidgets\wxstextctrl.h">
			<Option compilerVar=""/>
			<Option compile="0"/>
			<Option link="0"/>
			<Option target="wxSmith"/>
		</Unit>
		<Unit filename="defwidgets\wxstogglebutton.cpp">
			<Option compilerVar="CPP"/>
			<Option target="wxSmith"/>
		</Unit>
		<Unit filename="defwidgets\wxstogglebutton.h">
			<Option compilerVar=""/>
			<Option compile="0"/>
			<Option link="0"/>
			<Option target="wxSmith"/>
		</Unit>
		<Unit filename="defwidgets\wxstreectrl.cpp">
			<Option compilerVar="CPP"/>
			<Option target="wxSmith"/>
		</Unit>
		<Unit filename="defwidgets\wxstreectrl.h">
			<Option compilerVar=""/>
			<Option compile="0"/>
			<Option link="0"/>
			<Option target="wxSmith"/>
		</Unit>
		<Unit filename="defwidgets\wxswindow.cpp">
			<Option compilerVar="CPP"/>
			<Option target="wxSmith"/>
		</Unit>
		<Unit filename="defwidgets\wxswindow.h">
			<Option compilerVar=""/>
			<Option compile="0"/>
			<Option link="0"/>
			<Option target="wxSmith"/>
		</Unit>
		<Unit filename="properties\wxs2intproperty.cpp">
			<Option compilerVar="CPP"/>
			<Option target="wxSmith"/>
		</Unit>
		<Unit filename="properties\wxs2intproperty.h">
			<Option compilerVar=""/>
			<Option compile="0"/>
			<Option link="0"/>
			<Option target="wxSmith"/>
		</Unit>
		<Unit filename="properties\wxsboolproperty.cpp">
			<Option compilerVar="CPP"/>
			<Option target="wxSmith"/>
		</Unit>
		<Unit filename="properties\wxsboolproperty.h">
			<Option compilerVar=""/>
			<Option compile="0"/>
			<Option link="0"/>
			<Option target="wxSmith"/>
		</Unit>
		<Unit filename="properties\wxsborderproperty.cpp">
			<Option compilerVar="CPP"/>
			<Option target="wxSmith"/>
		</Unit>
		<Unit filename="properties\wxsborderproperty.h">
			<Option compilerVar=""/>
			<Option compile="0"/>
			<Option link="0"/>
			<Option target="wxSmith"/>
		</Unit>
		<Unit filename="properties\wxscolourproperty.cpp">
			<Option compilerVar="CPP"/>
			<Option target="wxSmith"/>
		</Unit>
		<Unit filename="properties\wxscolourproperty.h">
			<Option compilerVar=""/>
			<Option compile="0"/>
			<Option link="0"/>
			<Option target="wxSmith"/>
		</Unit>
		<Unit filename="properties\wxsenumproperty.cpp">
			<Option compilerVar="CPP"/>
			<Option target="wxSmith"/>
		</Unit>
		<Unit filename="properties\wxsenumproperty.h">
			<Option compilerVar=""/>
			<Option compile="0"/>
			<Option link="0"/>
			<Option target="wxSmith"/>
		</Unit>
		<Unit filename="properties\wxsfontproperty.cpp">
			<Option compilerVar="CPP"/>
			<Option target="wxSmith"/>
		</Unit>
		<Unit filename="properties\wxsfontproperty.h">
			<Option compilerVar=""/>
			<Option compile="0"/>
			<Option link="0"/>
			<Option target="wxSmith"/>
		</Unit>
		<Unit filename="properties\wxsintproperty.cpp">
			<Option compilerVar="CPP"/>
			<Option target="wxSmith"/>
		</Unit>
		<Unit filename="properties\wxsintproperty.h">
			<Option compilerVar=""/>
			<Option compile="0"/>
			<Option link="0"/>
			<Option target="wxSmith"/>
		</Unit>
		<Unit filename="properties\wxsplacementproperty.cpp">
			<Option compilerVar="CPP"/>
			<Option target="wxSmith"/>
		</Unit>
		<Unit filename="properties\wxsplacementproperty.h">
			<Option compilerVar=""/>
			<Option compile="0"/>
			<Option link="0"/>
			<Option target="wxSmith"/>
		</Unit>
		<Unit filename="properties\wxsstringlistproperty.cpp">
			<Option compilerVar="CPP"/>
			<Option target="wxSmith"/>
		</Unit>
		<Unit filename="properties\wxsstringlistproperty.h">
			<Option compilerVar=""/>
			<Option compile="0"/>
			<Option link="0"/>
			<Option target="wxSmith"/>
		</Unit>
		<Unit filename="properties\wxsstringproperty.cpp">
			<Option compilerVar="CPP"/>
			<Option target="wxSmith"/>
		</Unit>
		<Unit filename="properties\wxsstringproperty.h">
			<Option compilerVar=""/>
			<Option compile="0"/>
			<Option link="0"/>
			<Option target="wxSmith"/>
		</Unit>
		<Unit filename="properties\wxsstyleproperty.cpp">
			<Option compilerVar="CPP"/>
			<Option target="wxSmith"/>
		</Unit>
		<Unit filename="properties\wxsstyleproperty.h">
			<Option compilerVar=""/>
			<Option compile="0"/>
			<Option link="0"/>
			<Option target="wxSmith"/>
		</Unit>
		<Unit filename="propgrid\include\wx\propgrid\advprops.h">
			<Option compilerVar=""/>
			<Option compile="0"/>
			<Option link="0"/>
			<Option target="PropGrid"/>
		</Unit>
		<Unit filename="propgrid\include\wx\propgrid\custctrl.h">
			<Option compilerVar=""/>
			<Option compile="0"/>
			<Option link="0"/>
			<Option target="PropGrid"/>
		</Unit>
		<Unit filename="propgrid\include\wx\propgrid\manager.h">
			<Option compilerVar=""/>
			<Option compile="0"/>
			<Option link="0"/>
			<Option target="PropGrid"/>
		</Unit>
		<Unit filename="propgrid\include\wx\propgrid\odcombo.h">
			<Option compilerVar=""/>
			<Option compile="0"/>
			<Option link="0"/>
			<Option target="PropGrid"/>
		</Unit>
		<Unit filename="propgrid\include\wx\propgrid\propdev.h">
			<Option compilerVar=""/>
			<Option compile="0"/>
			<Option link="0"/>
			<Option target="PropGrid"/>
		</Unit>
		<Unit filename="propgrid\include\wx\propgrid\propgrid.h">
			<Option compilerVar=""/>
			<Option compile="0"/>
			<Option link="0"/>
			<Option target="PropGrid"/>
		</Unit>
		<Unit filename="propgrid\src\propgrid\advprops.cpp">
			<Option compilerVar="CPP"/>
			<Option target="PropGrid"/>
		</Unit>
		<Unit filename="propgrid\src\propgrid\custctrl.cpp">
			<Option compilerVar="CPP"/>
			<Option target="PropGrid"/>
		</Unit>
		<Unit filename="propgrid\src\propgrid\manager.cpp">
			<Option compilerVar="CPP"/>
			<Option target="PropGrid"/>
		</Unit>
		<Unit filename="propgrid\src\propgrid\odcombo.cpp">
			<Option compilerVar="CPP"/>
			<Option target="PropGrid"/>
		</Unit>
		<Unit filename="propgrid\src\propgrid\propgrid.cpp">
			<Option compilerVar="CPP"/>
			<Option target="PropGrid"/>
		</Unit>
		<Unit filename="resources\wxswindowres.cpp">
			<Option compilerVar="CPP"/>
			<Option target="wxSmith"/>
		</Unit>
		<Unit filename="resources\wxswindowres.h">
			<Option compilerVar=""/>
			<Option compile="0"/>
			<Option link="0"/>
			<Option target="wxSmith"/>
		</Unit>
		<Unit filename="resources\wxswindowresdataobject.cpp">
			<Option compilerVar="CPP"/>
			<Option target="wxSmith"/>
		</Unit>
		<Unit filename="resources\wxswindowresdataobject.h">
			<Option compilerVar=""/>
			<Option compile="0"/>
			<Option link="0"/>
			<Option target="wxSmith"/>
		</Unit>
		<Unit filename="widget.cpp">
			<Option compilerVar="CPP"/>
			<Option target="wxSmith"/>
		</Unit>
		<Unit filename="widget.h">
			<Option compilerVar=""/>
			<Option compile="0"/>
			<Option link="0"/>
			<Option target="wxSmith"/>
		</Unit>
		<Unit filename="wxscodegen.cpp">
			<Option compilerVar="CPP"/>
			<Option target="wxSmith"/>
		</Unit>
		<Unit filename="wxscodegen.h">
			<Option compilerVar=""/>
			<Option compile="0"/>
			<Option link="0"/>
			<Option target="wxSmith"/>
		</Unit>
		<Unit filename="wxscoder.cpp">
			<Option compilerVar="CPP"/>
			<Option target="wxSmith"/>
		</Unit>
		<Unit filename="wxscoder.h">
			<Option compilerVar=""/>
			<Option compile="0"/>
			<Option link="0"/>
			<Option target="wxSmith"/>
		</Unit>
		<Unit filename="wxscontainer.cpp">
			<Option compilerVar="CPP"/>
			<Option target="wxSmith"/>
		</Unit>
		<Unit filename="wxscontainer.h">
			<Option compilerVar=""/>
			<Option compile="0"/>
			<Option link="0"/>
			<Option target="wxSmith"/>
		</Unit>
		<Unit filename="wxsdefsizer.cpp">
			<Option compilerVar="CPP"/>
			<Option target="wxSmith"/>
		</Unit>
		<Unit filename="wxsdefsizer.h">
			<Option compilerVar=""/>
			<Option compile="0"/>
			<Option link="0"/>
			<Option target="wxSmith"/>
		</Unit>
		<Unit filename="wxsdefwidget.cpp">
			<Option compilerVar="CPP"/>
			<Option target="wxSmith"/>
		</Unit>
		<Unit filename="wxsdefwidget.h">
			<Option compilerVar=""/>
			<Option compile="0"/>
			<Option link="0"/>
			<Option target="wxSmith"/>
		</Unit>
		<Unit filename="wxsdragwindow.cpp">
			<Option compilerVar="CPP"/>
			<Option target="wxSmith"/>
		</Unit>
		<Unit filename="wxsdragwindow.h">
			<Option compilerVar=""/>
			<Option compile="0"/>
			<Option link="0"/>
			<Option target="wxSmith"/>
		</Unit>
		<Unit filename="wxseditor.cpp">
			<Option compilerVar="CPP"/>
			<Option target="wxSmith"/>
		</Unit>
		<Unit filename="wxseditor.h">
			<Option compilerVar=""/>
			<Option compile="0"/>
			<Option link="0"/>
			<Option target="wxSmith"/>
		</Unit>
		<Unit filename="wxsevent.cpp">
			<Option compilerVar="CPP"/>
			<Option target="wxSmith"/>
		</Unit>
		<Unit filename="wxsevent.h">
			<Option compilerVar=""/>
			<Option compile="0"/>
			<Option link="0"/>
			<Option target="wxSmith"/>
		</Unit>
		<Unit filename="wxseventseditor.cpp">
			<Option compilerVar="CPP"/>
			<Option target="wxSmith"/>
		</Unit>
		<Unit filename="wxseventseditor.h">
			<Option compilerVar=""/>
			<Option compile="0"/>
			<Option link="0"/>
			<Option target="wxSmith"/>
		</Unit>
		<Unit filename="wxsglobals.cpp">
			<Option compilerVar="CPP"/>
			<Option target="wxSmith"/>
		</Unit>
		<Unit filename="wxsglobals.h">
			<Option compilerVar=""/>
			<Option compile="0"/>
			<Option link="0"/>
			<Option target="wxSmith"/>
		</Unit>
		<Unit filename="wxsimportxrcdlg.cpp">
			<Option compilerVar="CPP"/>
			<Option target="wxSmith"/>
		</Unit>
		<Unit filename="wxsimportxrcdlg.h">
			<Option compilerVar=""/>
			<Option compile="0"/>
			<Option link="0"/>
			<Option target="wxSmith"/>
		</Unit>
		<Unit filename="wxsmith.cpp">
			<Option compilerVar="CPP"/>
			<Option target="wxSmith"/>
		</Unit>
		<Unit filename="wxsmith.h">
			<Option compilerVar=""/>
			<Option compile="0"/>
			<Option link="0"/>
			<Option target="wxSmith"/>
		</Unit>
		<Unit filename="wxsnewwindowdlg.cpp">
			<Option compilerVar="CPP"/>
			<Option target="wxSmith"/>
		</Unit>
		<Unit filename="wxsnewwindowdlg.h">
			<Option compilerVar=""/>
			<Option compile="0"/>
			<Option link="0"/>
			<Option target="wxSmith"/>
		</Unit>
		<Unit filename="wxspalette.cpp">
			<Option compilerVar="CPP"/>
			<Option target="wxSmith"/>
		</Unit>
		<Unit filename="wxspalette.h">
			<Option compilerVar=""/>
			<Option compile="0"/>
			<Option link="0"/>
			<Option target="wxSmith"/>
		</Unit>
		<Unit filename="wxsproject.cpp">
			<Option compilerVar="CPP"/>
			<Option target="wxSmith"/>
		</Unit>
		<Unit filename="wxsproject.h">
			<Option compilerVar=""/>
			<Option compile="0"/>
			<Option link="0"/>
			<Option target="wxSmith"/>
		</Unit>
		<Unit filename="wxsproperties.cpp">
			<Option compilerVar="CPP"/>
			<Option target="wxSmith"/>
		</Unit>
		<Unit filename="wxsproperties.h">
			<Option compilerVar=""/>
			<Option compile="0"/>
			<Option link="0"/>
			<Option target="wxSmith"/>
		</Unit>
		<Unit filename="wxspropertiesman.cpp">
			<Option compilerVar="CPP"/>
			<Option target="wxSmith"/>
		</Unit>
		<Unit filename="wxspropertiesman.h">
			<Option compilerVar=""/>
			<Option compile="0"/>
			<Option link="0"/>
			<Option target="wxSmith"/>
		</Unit>
		<Unit filename="wxsresource.cpp">
			<Option compilerVar="CPP"/>
			<Option target="wxSmith"/>
		</Unit>
		<Unit filename="wxsresource.h">
			<Option compilerVar=""/>
			<Option compile="0"/>
			<Option link="0"/>
			<Option target="wxSmith"/>
		</Unit>
		<Unit filename="wxsresourcetree.cpp">
			<Option compilerVar="CPP"/>
			<Option target="wxSmith"/>
		</Unit>
		<Unit filename="wxsresourcetree.h">
			<Option compilerVar=""/>
			<Option compile="0"/>
			<Option link="0"/>
			<Option target="wxSmith"/>
		</Unit>
		<Unit filename="wxssettingsdlg.cpp">
			<Option compilerVar="CPP"/>
			<Option target="wxSmith"/>
		</Unit>
		<Unit filename="wxssettingsdlg.h">
			<Option compilerVar=""/>
			<Option compile="0"/>
			<Option link="0"/>
			<Option target="wxSmith"/>
		</Unit>
		<Unit filename="wxssplitterwindow.cpp">
			<Option compilerVar="CPP"/>
			<Option target="wxSmith"/>
		</Unit>
		<Unit filename="wxssplitterwindow.h">
			<Option compilerVar=""/>
			<Option compile="0"/>
			<Option link="0"/>
			<Option target="wxSmith"/>
		</Unit>
		<Unit filename="wxsstdwidget.h">
			<Option compilerVar=""/>
			<Option compile="0"/>
			<Option link="0"/>
			<Option target="wxSmith"/>
		</Unit>
		<Unit filename="wxsstyle.h">
			<Option compilerVar=""/>
			<Option compile="0"/>
			<Option link="0"/>
			<Option target="wxSmith"/>
		</Unit>
		<Unit filename="wxswidgetevents.cpp">
			<Option compilerVar="CPP"/>
			<Option target="wxSmith"/>
		</Unit>
		<Unit filename="wxswidgetevents.h">
			<Option compilerVar=""/>
			<Option compile="0"/>
			<Option link="0"/>
			<Option target="wxSmith"/>
		</Unit>
		<Unit filename="wxswidgetfactory.cpp">
			<Option compilerVar="CPP"/>
			<Option target="wxSmith"/>
		</Unit>
		<Unit filename="wxswidgetfactory.h">
			<Option compilerVar=""/>
			<Option compile="0"/>
			<Option link="0"/>
			<Option target="wxSmith"/>
		</Unit>
		<Unit filename="wxswindoweditor.cpp">
			<Option compilerVar="CPP"/>
			<Option target="wxSmith"/>
		</Unit>
		<Unit filename="wxswindoweditor.h">
			<Option compilerVar=""/>
			<Option compile="0"/>
			<Option link="0"/>
			<Option target="wxSmith"/>
		</Unit>
		<Unit filename="wxswinundobuffer.cpp">
			<Option compilerVar="CPP"/>
			<Option target="wxSmith"/>
		</Unit>
		<Unit filename="wxswinundobuffer.h">
			<Option compilerVar=""/>
			<Option compile="0"/>
			<Option link="0"/>
			<Option target="wxSmith"/>
		</Unit>
	</Project>
</CodeBlocks_project_file>
