<?xml version="1.0" encoding="UTF-8" standalone="yes" ?>
<CodeBlocks_project_file>
	<FileVersion major="1" minor="6" />
	<Project>
		<Option title="EnvVars Plug-In" />
		<Option makefile="Makefile.linux" />
		<Option pch_mode="0" />
		<Option compiler="gcc" />
		<Build>
			<Target title="default">
				<Option output="$(#cb)/devel/share/codeblocks/plugins/libenvvars.so" prefix_auto="0" extension_auto="0" />
				<Option type="3" />
				<Option compiler="gcc" />
				<Option host_application="$(#cb)/devel/codeblocks" />
			</Target>
			<Environment>
				<Variable name="WX_SUFFIX" value="u" />
				<Variable name="WX_CFG" value="" />
			</Environment>
		</Build>
		<VirtualTargets>
			<Add alias="All" targets="default;" />
		</VirtualTargets>
		<Compiler>
			<Add option="-Wall" />
			<Add option="-g" />
			<Add option="-Ulinux" />
			<Add option="-Uunix" />
			<Add option="`wx-config --cflags`" />
			<Add option="-Winvalid-pch" />
			<Add option="-fexceptions" />
			<Add option="-fPIC" />
			<Add option="-DCB_PRECOMP" />
			<Add option="-DcbDEBUG" />
			<Add directory="$(#CB.INCLUDE)" />
			<Add directory="$(#CB.INCLUDE)/wxscintilla/include" />
		</Compiler>
		<Linker>
			<Add option="`wx-config --libs`" />
			<Add library="codeblocks" />
			<Add directory="$(#CB)/devel" />
			<Add directory="$(#CB.LIB)" />
		</Linker>
		<ExtraCommands>
			<Add after="zip -j9 $(#cb)/devel/share/codeblocks/envvars.zip manifest.xml *.xrc" />
			<Mode after="always" />
		</ExtraCommands>
		<Unit filename="envvars.cpp" />
		<Unit filename="envvars.h" />
		<Unit filename="envvars.xrc" />
		<Unit filename="envvars_cfgdlg.cpp" />
		<Unit filename="envvars_cfgdlg.h" />
		<Unit filename="envvars_common.cpp" />
		<Unit filename="envvars_common.h" />
		<Unit filename="envvars_prjoptdlg.cpp" />
		<Unit filename="envvars_prjoptdlg.h" />
		<Unit filename="manifest.xml" />
		<Unit filename="project_settings.xrc" />
		<Extensions>
			<code_completion />
		</Extensions>
	</Project>
</CodeBlocks_project_file>
