<?xml version="1.0" encoding="UTF-8" standalone="yes" ?>
<CodeBlocks_project_file>
	<FileVersion major="1" minor="6" />
	<Project>
		<Option title="CodeSnippets (Unix)" />
		<Option pch_mode="2" />
		<Option default_target="Plugin-unix" />
		<Option compiler="gcc" />
		<Build>
			<Target title="Plugin-unix">
				<Option output="../../../devel/share/codeblocks/plugins/libcodesnippets" prefix_auto="0" extension_auto="1" />
				<Option object_output="../../../.objs/plugins/contrib/codesnippets/plugin" />
				<Option type="3" />
				<Option compiler="gcc" />
				<Option parameters="--debug-log --multiple-instance -ns -ni -p debug" />
				<Option host_application="../../../devel/codeblocks" />
				<Option run_host_application_in_terminal="0" />
			</Target>
		</Build>
		<VirtualTargets>
			<Add alias="All" targets="Plugin-unix;" />
		</VirtualTargets>
		<Compiler>
			<Add option="-Wall" />
			<Add option="$(#CB_RELEASE_TYPE)" />
			<Add option="`wx-config --version=2.8 --cflags`" />
			<Add option="-fexceptions" />
			<Add option="-Winvalid-pch" />
			<Add option="-fPIC" />
			<Add option="-DcbDEBUG" />
			<Add option="-DCB_PRECOMP" />
			<Add option="-std=c++11" />
			<Add directory="../../../include" />
			<Add directory="../../../sdk/wxscintilla/include" />
			<Add directory="." />
			<Add directory="../../../include/mozilla_chardet" />
			<Add directory="../../../include/mozilla_chardet/mfbt" />
			<Add directory="../../../include/mozilla_chardet/nsprpub/pr/include" />
			<Add directory="../../../include/mozilla_chardet/xpcom" />
			<Add directory="../../../include/mozilla_chardet/xpcom/base" />
			<Add directory="../../../include/mozilla_chardet/xpcom/glue" />
		</Compiler>
		<Linker>
			<Add option="`wx-config --version=2.8 --libs`" />
			<Add option="-Wl,--no-undefined" />
			<Add library="codeblocks" />
			<Add directory="../../../devel" />
			<Add directory="../../../base/tinyxml" />
		</Linker>
		<ExtraCommands>
			<Add after="./update" />
		</ExtraCommands>
		<Unit filename="GenericMessageBox.cpp" />
		<Unit filename="GenericMessageBox.h" />
		<Unit filename="Makefile.am" />
		<Unit filename="codesnippets.cpp" />
		<Unit filename="codesnippets.h" />
		<Unit filename="codesnippetstreectrl.cpp" />
		<Unit filename="codesnippetstreectrl.h" />
		<Unit filename="codesnippetswindow.cpp" />
		<Unit filename="codesnippetswindow.h" />
		<Unit filename="menuidentifiers.h" />
		<Unit filename="settingsdlg.cpp" />
		<Unit filename="settingsdlg.h" />
		<Unit filename="settingsdlgform.cpp" />
		<Unit filename="settingsdlgform.h" />
		<Unit filename="snippetitemdata.cpp" />
		<Unit filename="snippetitemdata.h" />
		<Unit filename="snippetproperty.cpp" />
		<Unit filename="snippetproperty.h" />
		<Unit filename="snippetpropertyform.cpp" />
		<Unit filename="snippetpropertyform.h" />
		<Unit filename="snippetsconfig.cpp" />
		<Unit filename="snippetsconfig.h" />
		<Unit filename="snippetsimages.cpp" />
		<Unit filename="snippetsimages.h" />
		<Unit filename="update" />
		<Unit filename="update.bat" />
		<Unit filename="version.cpp" />
		<Unit filename="version.h" />
		<Extensions>
			<code_completion />
			<debugger />
			<envvars />
		</Extensions>
	</Project>
</CodeBlocks_project_file>
