<?xml version="1.0" encoding="UTF-8" standalone="yes" ?>
<CodeBlocks_project_file>
	<FileVersion major="1" minor="6" />
	<Project>
		<Option title="CodeSnippets-unix" />
		<Option pch_mode="2" />
		<Option default_target="Debug-App" />
		<Option compiler="gcc" />
		<Build>
			<Target title="Plugin-unix">
				<Option output="../../../devel/share/codeblocks/plugins/libcodesnippets.so" prefix_auto="0" extension_auto="0" />
				<Option object_output=".obj/plugin/" />
				<Option type="3" />
				<Option compiler="gcc" />
				<Compiler>
					<Add option="-g" />
					<Add option="-DBUILDING_PLUGIN" />
					<Add option="-DNO_LOGGING" />
					<Add option="-DNO_HAVEX11DEV" />
				</Compiler>
				<Linker>
					<Add library="codeblocks" />
					<Add library="X11" />
					<Add library="Xtst" />
				</Linker>
			</Target>
			<Target title="App-unix">
				<Option output="../../../devel/share/codeblocks/plugins/codesnippets" prefix_auto="0" extension_auto="0" />
				<Option object_output=".obj/app" />
				<Option type="0" />
				<Option compiler="gcc" />
				<Compiler>
					<Add option="-g" />
					<Add option="-DNO_LOGGING" />
					<Add option="-DWX_PRECOMP" />
					<Add option="-DNO_HAVEX11DEV" />
				</Compiler>
				<Linker>
					<Add library="X11" />
					<Add library="Xtst" />
				</Linker>
			</Target>
		</Build>
		<VirtualTargets>
			<Add alias="All" targets="Plugin-unix;App-unix;" />
		</VirtualTargets>
		<Compiler>
			<Add option="-Wall" />
			<Add option="-Ulinux" />
			<Add option="-Uunix" />
			<Add option="`wx-config --cflags`" />
			<Add option="-fexceptions" />
			<Add option="-Winvalid-pch" />
			<Add option="-fPIC" />
			<Add option="-DWXUSINGDLL" />
			<Add option="-DcbDEBUG" />
			<Add option="-DCB_PRECOMP" />
			<Add option="-DwxUSE_UNICODE" />
			<Add directory="$(#cb)/include" />
			<Add directory="$(#cb)/include/wxscintilla/include" />
			<Add directory="$(#cb)/include/wxFlatNotebook/include" />
		</Compiler>
		<Linker>
			<Add option="`wx-config --libs`" />
			<Add library="txml" />
			<Add library="wxscintilla" />
			<Add directory="../../../devel" />
			<Add directory="../../../base/tinyxml" />
		</Linker>
		<ExtraCommands>
			<Add after="./update" />
		</ExtraCommands>
		<Unit filename="Makefile.am" />
		<Unit filename="codesnippets.cpp">
			<Option target="Plugin-unix" />
		</Unit>
		<Unit filename="codesnippets.h" />
		<Unit filename="codesnippetsapp.cpp">
			<Option target="App-unix" />
		</Unit>
		<Unit filename="codesnippetsapp.h">
			<Option target="App-unix" />
		</Unit>
		<Unit filename="codesnippetstreectrl.cpp" />
		<Unit filename="codesnippetstreectrl.h" />
		<Unit filename="codesnippetswindow.cpp" />
		<Unit filename="codesnippetswindow.h" />
		<Unit filename="defsext.h" />
		<Unit filename="edit.cpp" />
		<Unit filename="edit.h" />
		<Unit filename="editsnippetdlg.cpp" />
		<Unit filename="editsnippetdlg.h" />
		<Unit filename="editsnippetframe.cpp" />
		<Unit filename="editsnippetframe.h" />
		<Unit filename="finddialogs.cpp" />
		<Unit filename="finddialogs.h" />
		<Unit filename="menuidentifiers.h" />
		<Unit filename="messageBoxForm.cpp" />
		<Unit filename="messageBoxForm.h" />
		<Unit filename="messagebox.cpp" />
		<Unit filename="messagebox.h" />
		<Unit filename="prefs.cpp" />
		<Unit filename="prefs.h" />
		<Unit filename="settingsdlg.cpp" />
		<Unit filename="settingsdlg.h" />
		<Unit filename="settingsdlgform.cpp" />
		<Unit filename="settingsdlgform.h" />
		<Unit filename="snippetitemdata.cpp" />
		<Unit filename="snippetitemdata.h" />
		<Unit filename="snippetproperty.cpp" />
		<Unit filename="snippetproperty.h" />
		<Unit filename="snippetpropertyform.cpp" />
		<Unit filename="snippetpropertyform.h" />
		<Unit filename="snippetsconfig.cpp" />
		<Unit filename="snippetsconfig.h" />
		<Unit filename="snippetsimages.cpp" />
		<Unit filename="snippetsimages.h" />
		<Unit filename="update" />
		<Unit filename="update.bat" />
		<Unit filename="version.cpp" />
		<Unit filename="version.h" />
		<Extensions>
			<code_completion />
		</Extensions>
	</Project>
</CodeBlocks_project_file>
