<?xml version="1.0" encoding="UTF-8" standalone="yes" ?>
<CodeBlocks_project_file>
	<FileVersion major="1" minor="6" />
	<Project>
		<Option title="CC ParserTest" />
		<Option pch_mode="2" />
		<Option compiler="gcc" />
		<Build>
			<Target title="parsertest">
				<Option output="..\..\..\devel\parsertest" prefix_auto="1" extension_auto="1" />
				<Option object_output="..\..\..\.objs\plugins\codecompletion\parsertest" />
				<Option type="0" />
				<Option compiler="gcc" />
				<Option projectLinkerOptionsRelation="2" />
			</Target>
			<Environment>
				<Variable name="WX_SUFFIX" value="u" />
			</Environment>
		</Build>
		<VirtualTargets>
			<Add alias="All" targets="parsertest;" />
		</VirtualTargets>
		<Compiler>
			<Add option="-Wall" />
			<Add option="-g" />
			<Add option="-pipe" />
			<Add option="-mthreads" />
			<Add option="-fmessage-length=0" />
			<Add option="-fexceptions" />
			<Add option="-D__GNUWIN32__" />
			<Add option="-D__WXMSW__" />
			<Add option="-DWXUSINGDLL" />
			<Add option="-DwxUSE_UNICODE" />
			<Add option="-DcbDEBUG" />
			<Add option="-DCC_PARSER_TEST" />
			<Add directory="$(#WX.include)" />
			<Add directory="$(#WX.lib)\gcc_dll\mswu" />
			<Add directory="..\..\..\include" />
		</Compiler>
		<ResourceCompiler>
			<Add directory="$(#WX.include)" />
			<Add directory="$(#WX.lib)\gcc_dll\mswu" />
		</ResourceCompiler>
		<Linker>
			<Add option="-Wl,--enable-auto-import" />
			<Add option="-mthreads" />
			<Add library="wxmsw28$(WX_SUFFIX)" />
			<Add library="codeblocks" />
			<Add directory="$(#WX.lib)\gcc_dll" />
			<Add directory="..\..\..\devel" />
		</Linker>
		<Unit filename="app.cpp" />
		<Unit filename="cclogger.cpp" />
		<Unit filename="cclogger.h" />
		<Unit filename="expression.cpp" />
		<Unit filename="expression.h" />
		<Unit filename="frame.cpp" />
		<Unit filename="frame.h" />
		<Unit filename="parser.h" />
		<Unit filename="parserdummy.cpp" />
		<Unit filename="parsertest.cpp" />
		<Unit filename="parsertest.h" />
		<Unit filename="parserthread.cpp" />
		<Unit filename="parserthread.h" />
		<Unit filename="resource.rc">
			<Option compilerVar="WINDRES" />
		</Unit>
		<Unit filename="searchtree.cpp" />
		<Unit filename="searchtree.h" />
		<Unit filename="test.h">
			<Option target="&lt;{~None~}&gt;" />
		</Unit>
		<Unit filename="token.cpp" />
		<Unit filename="token.h" />
		<Unit filename="tokenizer.cpp" />
		<Unit filename="tokenizer.h" />
		<Unit filename="tokenstree.cpp" />
		<Unit filename="tokenstree.h" />
		<Extensions>
			<code_completion />
			<debugger />
			<envvars />
			<wxsmith version="1">
				<gui name="wxWidgets" src="app.cpp" main="-- None --" init_handlers="never" language="CPP" />
				<resources>
					<wxFrame wxs="wxsmith/Frame.wxs" src="frame.cpp" hdr="frame.h" fwddecl="0" i18n="1" name="Frame" language="CPP" />
				</resources>
			</wxsmith>
		</Extensions>
	</Project>
</CodeBlocks_project_file>
