<?xml version="1.0" encoding="UTF-8" standalone="yes" ?>
<CodeBlocks_project_file>
	<FileVersion major="1" minor="4" />
	<Project>
		<Option title="Exporter" />
		<Option pch_mode="0" />
		<Option compiler="gcc" />
		<Build>
			<Target title="wxPdfDocument">
				<Option output="libwxPdfDocument.a" />
				<Option working_dir="" />
				<Option type="2" />
				<Option compiler="gcc" />
				<Option includeInTargetAll="1" />
				<Option projectCompilerOptionsRelation="2" />
				<Option projectLinkerOptionsRelation="2" />
			</Target>
			<Target title="default">
				<Option output="..\..\..\devel\share\CodeBlocks\plugins\Exporter.dll" />
				<Option external_deps="libwxPdfDocument.a;" />
				<Option type="3" />
				<Option compiler="gcc" />
				<Option host_application="..\..\..\devel\codeblocks.exe" />
				<Option includeInTargetAll="1" />
				<Option projectLinkerOptionsRelation="2" />
				<Linker>
					<Add library="libwxPdfDocument.a" />
					<Add directory="." />
				</Linker>
			</Target>
			<Environment>
				<Variable name="WX_SUFFIX" value="u" />
				<Variable name="WX_CFG" value="" />
			</Environment>
		</Build>
		<Compiler>
			<Add option="-Wall" />
			<Add option="-g" />
			<Add option="-Winvalid-pch" />
			<Add option="-mthreads" />
			<Add option='-include &quot;sdk.h&quot;' />
			<Add option="-fexceptions" />
			<Add option="-DBUILDING_PLUGIN" />
			<Add option="-DCB_PRECOMP" />
			<Add option="-DWX_PRECOMP" />
			<Add option="-DHAVE_W32API_H" />
			<Add option="-D__WXMSW__" />
			<Add option="-DWXUSINGDLL" />
			<Add option="-DcbDEBUG" />
			<Add option="-DTIXML_USE_STL" />
			<Add option="-DwxUSE_UNICODE" />
			<Add directory="$(#WX.include)" />
			<Add directory="$(#WX.lib)\gcc_dll$(WX_CFG)\msw$(WX_SUFFIX)" />
			<Add directory="$(#WX)\contrib\include" />
			<Add directory="$(#CB.include)\include" />
			<Add directory="$(#CB)\sdk" />
			<Add directory="$(#CB)\sdk\tinyxml" />
			<Add directory="$(#CB.include)\tinyxml" />
			<Add directory="$(#CB)\sdk\wxscintilla\include" />
			<Add directory="$(#CB.include)\wxscintilla\include" />
			<Add directory="wxPdfDocument\include" />
		</Compiler>
		<ResourceCompiler>
			<Add directory="$(#WX.include)" />
		</ResourceCompiler>
		<Linker>
			<Add library="wxmsw26$(WX_SUFFIX)" />
			<Add library="codeblocks" />
			<Add library="wxscintilla" />
			<Add directory="$(#WX.lib)\gcc_dll$(WX_CFG)" />
			<Add directory="$(#CB.lib)" />
			<Add directory="$(#CB)\devel" />
			<Add directory="$(#CB)\sdk\tinyxml" />
		</Linker>
		<Unit filename="BaseExporter.cpp">
			<Option compilerVar="CPP" />
			<Option target="default" />
		</Unit>
		<Unit filename="BaseExporter.h">
			<Option compilerVar="" />
			<Option compile="0" />
			<Option link="0" />
			<Option target="default" />
		</Unit>
		<Unit filename="HTMLExporter.cpp">
			<Option compilerVar="CPP" />
			<Option target="default" />
		</Unit>
		<Unit filename="HTMLExporter.h">
			<Option compilerVar="" />
			<Option compile="0" />
			<Option link="0" />
			<Option target="default" />
		</Unit>
		<Unit filename="ODTExporter.cpp">
			<Option compilerVar="CPP" />
			<Option target="default" />
		</Unit>
		<Unit filename="ODTExporter.h">
			<Option compilerVar="" />
			<Option compile="0" />
			<Option link="0" />
			<Option target="default" />
		</Unit>
		<Unit filename="PDFExporter.cpp">
			<Option compilerVar="CPP" />
			<Option target="default" />
		</Unit>
		<Unit filename="PDFExporter.h">
			<Option compilerVar="" />
			<Option compile="0" />
			<Option link="0" />
			<Option target="default" />
		</Unit>
		<Unit filename="RTFExporter.cpp">
			<Option compilerVar="CPP" />
			<Option target="default" />
		</Unit>
		<Unit filename="RTFExporter.h">
			<Option compilerVar="" />
			<Option compile="0" />
			<Option link="0" />
			<Option target="default" />
		</Unit>
		<Unit filename="exporter.cpp">
			<Option compilerVar="CPP" />
			<Option target="default" />
		</Unit>
		<Unit filename="exporter.h">
			<Option compilerVar="" />
			<Option compile="0" />
			<Option link="0" />
			<Option target="default" />
		</Unit>
		<Unit filename="wxPdfDocument\include\wx\pdfbarcode.h">
			<Option compilerVar="" />
			<Option compile="0" />
			<Option link="0" />
			<Option target="wxPdfDocument" />
		</Unit>
		<Unit filename="wxPdfDocument\include\wx\pdfdoc.h">
			<Option compilerVar="" />
			<Option compile="0" />
			<Option link="0" />
			<Option target="wxPdfDocument" />
		</Unit>
		<Unit filename="wxPdfDocument\include\wx\pdfdocdef.h">
			<Option compilerVar="" />
			<Option compile="0" />
			<Option link="0" />
			<Option target="wxPdfDocument" />
		</Unit>
		<Unit filename="wxPdfDocument\include\wx\pdfencrypt.h">
			<Option compilerVar="" />
			<Option compile="0" />
			<Option link="0" />
			<Option target="wxPdfDocument" />
		</Unit>
		<Unit filename="wxPdfDocument\include\wx\pdffont.h">
			<Option compilerVar="" />
			<Option compile="0" />
			<Option link="0" />
			<Option target="wxPdfDocument" />
		</Unit>
		<Unit filename="wxPdfDocument\include\wx\pdfform.h">
			<Option compilerVar="CPP" />
			<Option compile="0" />
			<Option link="0" />
			<Option target="wxPdfDocument" />
		</Unit>
		<Unit filename="wxPdfDocument\include\wx\pdfimage.h">
			<Option compilerVar="" />
			<Option compile="0" />
			<Option link="0" />
			<Option target="wxPdfDocument" />
		</Unit>
		<Unit filename="wxPdfDocument\include\wx\pdfxml.h">
			<Option compilerVar="CPP" />
			<Option compile="0" />
			<Option link="0" />
			<Option target="wxPdfDocument" />
		</Unit>
		<Unit filename="wxPdfDocument\src\pdfannotation.cpp">
			<Option compilerVar="CPP" />
			<Option target="wxPdfDocument" />
		</Unit>
		<Unit filename="wxPdfDocument\src\pdfbarcode.cpp">
			<Option compilerVar="CPP" />
			<Option target="wxPdfDocument" />
		</Unit>
		<Unit filename="wxPdfDocument\src\pdfcolor.cpp">
			<Option compilerVar="CPP" />
			<Option target="wxPdfDocument" />
		</Unit>
		<Unit filename="wxPdfDocument\src\pdfdoc.cpp">
			<Option compilerVar="CPP" />
			<Option target="wxPdfDocument" />
		</Unit>
		<Unit filename="wxPdfDocument\src\pdfencrypt.cpp">
			<Option compilerVar="CPP" />
			<Option target="wxPdfDocument" />
		</Unit>
		<Unit filename="wxPdfDocument\src\pdffont.cpp">
			<Option compilerVar="CPP" />
			<Option target="wxPdfDocument" />
		</Unit>
		<Unit filename="wxPdfDocument\src\pdffontdata.inc">
			<Option compilerVar="" />
			<Option compile="0" />
			<Option link="0" />
			<Option target="wxPdfDocument" />
		</Unit>
		<Unit filename="wxPdfDocument\src\pdfform.cpp">
			<Option compilerVar="CPP" />
			<Option target="wxPdfDocument" />
		</Unit>
		<Unit filename="wxPdfDocument\src\pdfgraphics.cpp">
			<Option compilerVar="CPP" />
			<Option target="wxPdfDocument" />
		</Unit>
		<Unit filename="wxPdfDocument\src\pdfimage.cpp">
			<Option compilerVar="CPP" />
			<Option target="wxPdfDocument" />
		</Unit>
		<Unit filename="wxPdfDocument\src\pdfkernel.cpp">
			<Option compilerVar="CPP" />
			<Option target="wxPdfDocument" />
		</Unit>
		<Unit filename="wxPdfDocument\src\pdfxml.cpp">
			<Option compilerVar="CPP" />
			<Option target="wxPdfDocument" />
		</Unit>
	</Project>
</CodeBlocks_project_file>