<?xml version="1.0" encoding="UTF-8" standalone="yes" ?>
<CodeBlocks_project_file>
	<FileVersion major="1" minor="6" />
	<Project>
		<Option title="Exporter (Unix)" />
		<Option pch_mode="0" />
		<Option default_target="default" />
		<Option compiler="gcc" />
		<Build>
			<Target title="wxPdfDocument">
				<Option output="libwxPdfDocument.a" prefix_auto="0" extension_auto="0" />
				<Option working_dir="" />
				<Option object_output="../../../.objs/plugins/contrib/source_exporter" />
				<Option type="2" />
				<Option compiler="gcc" />
				<Option projectCompilerOptionsRelation="2" />
				<Option projectLinkerOptionsRelation="2" />
			</Target>
			<Target title="default">
				<Option output="../../../devel/share/codeblocks/plugins/libexporter.so" prefix_auto="0" extension_auto="0" />
				<Option object_output="../../../.objs/plugins/contrib/source_exporter" />
				<Option external_deps="libwxPdfDocument.a;" />
				<Option type="3" />
				<Option compiler="gcc" />
				<Option parameters="--debug-log --multiple-instance -ns -ni" />
				<Option host_application="../../../devel/codeblocks" />
				<Option projectLinkerOptionsRelation="2" />
				<Linker>
					<Add library="libwxPdfDocument.a" />
					<Add directory="." />
				</Linker>
				<ExtraCommands>
					<Add after="zip -j9 ../../../devel/share/codeblocks/exporter.zip manifest.xml" />
					<Mode after="always" />
				</ExtraCommands>
			</Target>
		</Build>
		<VirtualTargets>
			<Add alias="All" targets="wxPdfDocument;default;" />
		</VirtualTargets>
		<Compiler>
			<Add option="-Wall" />
			<Add option="-g" />
			<Add option="-Ulinux" />
			<Add option="-Uunix" />
			<Add option="`wx-config --cflags`" />
			<Add option="-Winvalid-pch" />
			<Add option="-fexceptions" />
			<Add option="-fPIC" />
			<Add option="-DCB_PRECOMP" />
			<Add option="-DcbDEBUG" />
			<Add directory="../../../include" />
			<Add directory="../../../sdk/wxscintilla/include" />
			<Add directory="wxPdfDocument/include" />
		</Compiler>
		<Linker>
			<Add option="`wx-config --libs`" />
			<Add library="codeblocks" />
			<Add directory="../../../devel" />
			<Add directory="." />
		</Linker>
		<Unit filename="BaseExporter.cpp">
			<Option target="default" />
		</Unit>
		<Unit filename="BaseExporter.h">
			<Option target="default" />
		</Unit>
		<Unit filename="HTMLExporter.cpp">
			<Option target="default" />
		</Unit>
		<Unit filename="HTMLExporter.h">
			<Option target="default" />
		</Unit>
		<Unit filename="ODTExporter.cpp">
			<Option target="default" />
		</Unit>
		<Unit filename="ODTExporter.h">
			<Option target="default" />
		</Unit>
		<Unit filename="PDFExporter.cpp">
			<Option target="default" />
		</Unit>
		<Unit filename="PDFExporter.h">
			<Option target="default" />
		</Unit>
		<Unit filename="RTFExporter.cpp">
			<Option target="default" />
		</Unit>
		<Unit filename="RTFExporter.h">
			<Option target="default" />
		</Unit>
		<Unit filename="exporter.cpp">
			<Option target="default" />
		</Unit>
		<Unit filename="exporter.h">
			<Option target="default" />
		</Unit>
		<Unit filename="wxPdfDocument/include/wx/pdfbarcode.h">
			<Option target="wxPdfDocument" />
		</Unit>
		<Unit filename="wxPdfDocument/include/wx/pdfdoc.h">
			<Option target="wxPdfDocument" />
		</Unit>
		<Unit filename="wxPdfDocument/include/wx/pdfdocdef.h">
			<Option target="wxPdfDocument" />
		</Unit>
		<Unit filename="wxPdfDocument/include/wx/pdfencrypt.h">
			<Option target="wxPdfDocument" />
		</Unit>
		<Unit filename="wxPdfDocument/include/wx/pdffont.h">
			<Option target="wxPdfDocument" />
		</Unit>
		<Unit filename="wxPdfDocument/include/wx/pdfform.h">
			<Option target="wxPdfDocument" />
		</Unit>
		<Unit filename="wxPdfDocument/include/wx/pdfgraphics.h">
			<Option target="wxPdfDocument" />
		</Unit>
		<Unit filename="wxPdfDocument/include/wx/pdfimage.h">
			<Option target="wxPdfDocument" />
		</Unit>
		<Unit filename="wxPdfDocument/include/wx/pdfobjects.h">
			<Option target="wxPdfDocument" />
		</Unit>
		<Unit filename="wxPdfDocument/include/wx/pdfparser.h">
			<Option target="wxPdfDocument" />
		</Unit>
		<Unit filename="wxPdfDocument/include/wx/pdfproperties.h">
			<Option target="wxPdfDocument" />
		</Unit>
		<Unit filename="wxPdfDocument/include/wx/pdfrijndael.h">
			<Option target="wxPdfDocument" />
		</Unit>
		<Unit filename="wxPdfDocument/include/wx/pdftemplate.h">
			<Option target="wxPdfDocument" />
		</Unit>
		<Unit filename="wxPdfDocument/include/wx/pdftruetype.h">
			<Option target="wxPdfDocument" />
		</Unit>
		<Unit filename="wxPdfDocument/include/wx/pdfxml.h">
			<Option target="wxPdfDocument" />
		</Unit>
		<Unit filename="wxPdfDocument/src/pdfannotation.cpp">
			<Option target="wxPdfDocument" />
		</Unit>
		<Unit filename="wxPdfDocument/src/pdfbarcode.cpp">
			<Option target="wxPdfDocument" />
		</Unit>
		<Unit filename="wxPdfDocument/src/pdfcolor.cpp">
			<Option target="wxPdfDocument" />
		</Unit>
		<Unit filename="wxPdfDocument/src/pdfdecode.cpp">
			<Option target="wxPdfDocument" />
		</Unit>
		<Unit filename="wxPdfDocument/src/pdfdoc.cpp">
			<Option target="wxPdfDocument" />
		</Unit>
		<Unit filename="wxPdfDocument/src/pdfencrypt.cpp">
			<Option target="wxPdfDocument" />
		</Unit>
		<Unit filename="wxPdfDocument/src/pdffont.cpp">
			<Option target="wxPdfDocument" />
		</Unit>
		<Unit filename="wxPdfDocument/src/pdffontdata.inc">
			<Option target="wxPdfDocument" />
		</Unit>
		<Unit filename="wxPdfDocument/src/pdfform.cpp">
			<Option target="wxPdfDocument" />
		</Unit>
		<Unit filename="wxPdfDocument/src/pdfgraphics.cpp">
			<Option target="wxPdfDocument" />
		</Unit>
		<Unit filename="wxPdfDocument/src/pdfimage.cpp">
			<Option target="wxPdfDocument" />
		</Unit>
		<Unit filename="wxPdfDocument/src/pdfkernel.cpp">
			<Option target="wxPdfDocument" />
		</Unit>
		<Unit filename="wxPdfDocument/src/pdfobjects.cpp">
			<Option target="wxPdfDocument" />
		</Unit>
		<Unit filename="wxPdfDocument/src/pdfparser.cpp">
			<Option target="wxPdfDocument" />
		</Unit>
		<Unit filename="wxPdfDocument/src/pdfrijndael.cpp">
			<Option target="wxPdfDocument" />
		</Unit>
		<Unit filename="wxPdfDocument/src/pdftemplate.cpp">
			<Option target="wxPdfDocument" />
		</Unit>
		<Unit filename="wxPdfDocument/src/pdftruetype.cpp">
			<Option target="wxPdfDocument" />
		</Unit>
		<Unit filename="wxPdfDocument/src/pdfxml.cpp">
			<Option target="wxPdfDocument" />
		</Unit>
		<Extensions>
			<code_completion />
			<envvars />
			<debugger />
		</Extensions>
	</Project>
</CodeBlocks_project_file>
