<?xml version="1.0" encoding="UTF-8" standalone="yes" ?>
<CodeBlocks_project_file>
	<FileVersion major="1" minor="6" />
	<Project>
		<Option title="Addr2LineUI wx3.0.x (64 bit)" />
		<Option compiler="gcc" />
		<Build>
			<Target title="default">
				<Option platforms="Windows;" />
				<Option output="..\..\devel30_64\Addr2LineUI" prefix_auto="1" extension_auto="1" />
				<Option working_dir="..\..\devel30_64" />
				<Option object_output="..\..\.objs30_64\tools\Addr2LineUI" />
				<Option type="0" />
				<Option compiler="gcc" />
				<Option projectLinkerOptionsRelation="2" />
				<Compiler>
					<Add option="-O2" />
				</Compiler>
				<Linker>
					<Add option="-s" />
				</Linker>
			</Target>
			<Environment>
				<Variable name="WX_SUFFIX" value="u" />
				<Variable name="WX_VER" value="30" />
				<Variable name="WX_CFG" value="" />
			</Environment>
		</Build>
		<VirtualTargets>
			<Add alias="All" targets="default;" />
		</VirtualTargets>
		<Compiler>
			<Add option="-Wall" />
			<Add option="-pipe" />
			<Add option="-mthreads" />
			<Add option="-m64" />
			<Add option="-fno-keep-inline-dllexport" />
			<Add option="-D__GNUWIN32__" />
			<Add option="-D__WXMSW__" />
			<Add option="-DWXUSINGDLL" />
			<Add option="-DwxUSE_UNICODE" />
			<Add option="-D_WIN64" />
			<Add directory="$(#WX30_64.include)" />
			<Add directory="$(#WX30_64.lib)\gcc_dll$(WX_CFG)\msw$(WX_SUFFIX)" />
		</Compiler>
		<ResourceCompiler>
			<Add directory="$(#WX30_64.include)" />
			<Add directory="$(#WX30_64.lib)\gcc_dll$(WX_CFG)\msw$(WX_SUFFIX)" />
		</ResourceCompiler>
		<Linker>
			<Add option="-mthreads" />
			<Add library="wxmsw$(WX_VER)$(WX_SUFFIX)" />
			<Add directory="$(#WX30_64.lib)\gcc_dll$(WX_CFG)" />
		</Linker>
		<Unit filename="Addr2LineUIApp.cpp" />
		<Unit filename="Addr2LineUIApp.h" />
		<Unit filename="Addr2LineUIMain.cpp" />
		<Unit filename="Addr2LineUIMain.h" />
		<Unit filename="resource.rc">
			<Option compilerVar="WINDRES" />
		</Unit>
		<Unit filename="wxsmith\Addr2LineUIDialog.wxs" />
		<Extensions>
			<code_completion />
			<envvars />
			<debugger />
			<lib_finder disable_auto="1" />
			<wxsmith version="1">
				<gui name="wxWidgets" src="Addr2LineUIApp.cpp" main="Addr2LineUIDialog" init_handlers="necessary" language="CPP" />
				<resources>
					<wxDialog wxs="wxsmith/Addr2LineUIDialog.wxs" src="Addr2LineUIMain.cpp" hdr="Addr2LineUIMain.h" fwddecl="0" i18n="1" name="Addr2LineUIDialog" language="CPP" />
				</resources>
			</wxsmith>
		</Extensions>
	</Project>
</CodeBlocks_project_file>
