<?xml version="1.0" encoding="UTF-8" standalone="yes" ?>
<CodeBlocks_project_file>
	<FileVersion major="1" minor="6" />
	<Project>
		<Option title="SymTab" />
		<Option pch_mode="0" />
		<Option default_target="default" />
		<Option compiler="gcc" />
		<Build>
			<Script file="..\..\..\..\cbgcc420.script" />
			<Target title="default">
				<Option output="..\..\..\devel\share\CodeBlocks\plugins\SymTab.dll" prefix_auto="0" extension_auto="0" />
				<Option object_output="..\..\..\.objs\plugins\contrib\symtab" />
				<Option type="3" />
				<Option compiler="gcc" />
				<Option host_application="..\..\..\devel\codeblocks.exe" />
				<Compiler>
					<Add option="-Wall" />
				</Compiler>
			</Target>
			<Environment>
				<Variable name="WX_SUFFIX" value="u" />
				<Variable name="WX_CFG" value="" />
			</Environment>
		</Build>
		<VirtualTargets>
			<Add alias="All" targets="default;" />
		</VirtualTargets>
		<Compiler>
			<Add option="-Wall" />
			<Add option="-g" />
			<Add option="-Winvalid-pch" />
			<Add option="-mthreads" />
			<Add option="-fexceptions" />
			<Add option='-include &quot;sdk.h&quot;' />
			<Add option="-DBUILDING_PLUGIN" />
			<Add option="-DCB_PRECOMP" />
			<Add option="-DWX_PRECOMP" />
			<Add option="-DHAVE_W32API_H" />
			<Add option="-D__WXMSW__" />
			<Add option="-DWXUSINGDLL" />
			<Add option="-DcbDEBUG" />
			<Add option="-DwxUSE_UNICODE" />
			<Add directory="$(#CB.include)" />
			<Add directory="$(#WX.include)" />
			<Add directory="$(#WX.lib)\gcc_dll$(WX_CFG)\msw$(WX_SUFFIX)" />
		</Compiler>
		<ResourceCompiler>
			<Add directory="$(#WX.include)" />
		</ResourceCompiler>
		<Linker>
			<Add library="codeblocks" />
			<Add library="wxmsw28$(WX_SUFFIX)" />
			<Add directory="$(#CB)\devel" />
			<Add directory="$(#CB.lib)" />
			<Add directory="$(#WX.lib)\gcc_dll$(WX_CFG)" />
		</Linker>
		<ExtraCommands>
			<Add after="zip -j9 ..\..\..\devel\share\codeblocks\SymTab.zip resources\manifest.xml resources\*.xrc" />
			<Mode after="always" />
		</ExtraCommands>
		<Unit filename="resources\config_dialog.xrc" />
		<Unit filename="resources\exec_dialog.xrc" />
		<Unit filename="resources\manifest.xml" />
		<Unit filename="symtab.cpp" />
		<Unit filename="symtab.h" />
		<Unit filename="symtabconfig.cpp" />
		<Unit filename="symtabconfig.h" />
		<Unit filename="symtabexec.cpp" />
		<Unit filename="symtabexec.h" />
		<Extensions>
			<code_completion />
			<envvars />
			<debugger />
		</Extensions>
	</Project>
</CodeBlocks_project_file>
