<?xml version="1.0"?>
<!DOCTYPE CodeBlocks_project_file>
<CodeBlocks_project_file>
	<FileVersion major="1" minor="1"/>
	<Project>
		<Option title="Code::Blocks (wx2.6)"/>
		<Option makefile="Makefile.wx2.6"/>
		<Option makefile_is_custom="0"/>
		<Option default_target="4"/>
		<Option compiler="0"/>
		<Build>
			<Target title="tinyXML">
				<Option output="sdk\tinyxml\libtxml.a"/>
				<Option working_dir=""/>
				<Option object_output=".objs\2.6"/>
				<Option deps_output=".deps"/>
				<Option external_deps=""/>
				<Option type="2"/>
				<Option compiler="0"/>
				<Option projectResourceIncludeDirsRelation="2"/>
				<Compiler>
					<Add option="-DEXPORT_LIB"/>
					<Add option="-D_USRDLL"/>
				</Compiler>
			</Target>
			<Target title="scintilla">
				<Option output="devel\wxscintilla.dll"/>
				<Option working_dir="devel"/>
				<Option object_output=".objs\2.6"/>
				<Option deps_output=".deps"/>
				<Option external_deps=""/>
				<Option type="3"/>
				<Option compiler="0"/>
				<Option createStaticLib="1"/>
				<Compiler>
					<Add option="-D__WX__"/>
					<Add option="-DWINVER=0x0400"/>
					<Add option="-DSCI_LEXER"/>
					<Add option="-DLINK_LEXERS"/>
					<Add option="-DWXMAKINGDLL_SCI"/>
					<Add directory="sdk\wxscintilla\include"/>
					<Add directory="sdk\wxscintilla\src\scintilla\include"/>
					<Add directory="sdk\wxscintilla\src\scintilla\src"/>
				</Compiler>
				<ResourceCompiler>
					<Add directory="sdk\wxscintilla\include"/>
				</ResourceCompiler>
				<Linker>
					<Add library="wxmsw26"/>
					<Add library="gdi32"/>
				</Linker>
			</Target>
			<Target title="sdk">
				<Option output="devel\codeblocks.dll"/>
				<Option working_dir="devel"/>
				<Option object_output=".objs\2.6"/>
				<Option deps_output=".deps"/>
				<Option external_deps="sdk\tinyxml\libtxml.a;"/>
				<Option type="3"/>
				<Option compiler="0"/>
				<Option parameters="--debug-log --no-check-associations"/>
				<Option createStaticLib="1"/>
				<Option projectLinkerOptionsRelation="2"/>
				<Compiler>
					<Add option="-DEXPORT_LIB"/>
					<Add option="-DEXPORT_EVENTS"/>
					<Add option="-D_USRDLL"/>
				</Compiler>
				<Linker>
					<Add option="-Wl,--enable-auto-image-base"/>
					<Add option="-Wl,--export-all-symbols"/>
					<Add option="-Wl,--add-stdcall-alias"/>
					<Add library="libtxml.a"/>
					<Add library="libwxscintilla.a"/>
					<Add directory="devel"/>
				</Linker>
			</Target>
			<Target title="wxDockIt">
				<Option output="src\wxDockit\lib\libwxDockIt.a"/>
				<Option working_dir=""/>
				<Option object_output=".objs\2.6"/>
				<Option deps_output=".deps"/>
				<Option external_deps=""/>
				<Option type="2"/>
				<Option compiler="0"/>
				<Option projectResourceIncludeDirsRelation="2"/>
				<Compiler>
					<Add option="-D__GNUWIN32__"/>
					<Add option="-DWIN32"/>
					<Add option="-DWINVER=0x400"/>
					<Add option="-DPANE_AWARE"/>
					<Add option="-D_WIN32_IE=0x0500"/>
					<Add option="-DWXUSINGDLL"/>
					<Add directory="src\wxDockit\include"/>
				</Compiler>
				<ResourceCompiler>
					<Add directory="src\wxDockit\include"/>
				</ResourceCompiler>
			</Target>
			<Target title="src">
				<Option output="devel\codeblocks.exe"/>
				<Option working_dir="devel"/>
				<Option object_output=".objs\2.6"/>
				<Option deps_output=".deps"/>
				<Option external_deps="..\wxDockit\lib\libwxdockit.a;"/>
				<Option type="0"/>
				<Option compiler="0"/>
				<Option parameters="--debug-log --no-check-associations -ns"/>
				<Option projectLinkerOptionsRelation="2"/>
				<Option projectIncludeDirsRelation="2"/>
				<Option projectResourceIncludeDirsRelation="0"/>
				<Option projectLibDirsRelation="2"/>
				<Compiler>
					<Add directory="sdk"/>
					<Add directory="src\wxDockit\include"/>
				</Compiler>
				<Linker>
					<Add library="libcodeblocks.a"/>
					<Add library="wxDockIt"/>
					<Add library="libwxscintilla.a"/>
					<Add library="libkernel32.a"/>
					<Add library="libuser32.a"/>
					<Add library="libgdi32.a"/>
					<Add library="libcomdlg32.a"/>
					<Add library="libwinspool.a"/>
					<Add l
