<?xml version="1.0"?>
<!DOCTYPE CodeBlocks_project_file>
<CodeBlocks_project_file>
	<FileVersion major="1" minor="1"/>
	<Project>
		<Option title="Code::Blocks (Linux)"/>
		<Option makefile="Makefile.unix"/>
		<Option makefile_is_custom="0"/>
		<Option default_target="2"/>
		<Option compiler="0"/>
		<Build>
			<Target title="tinyXML">
				<Option output="sdk/tinyxml/libtxml.a"/>
				<Option working_dir=""/>
				<Option object_output=".objs"/>
				<Option deps_output=".deps"/>
				<Option external_deps=""/>
				<Option type="2"/>
				<Option compiler="0"/>
				<Option projectResourceIncludeDirsRelation="2"/>
			</Target>
			<Target title="scintilla">
				<Option output="devel/libwxscintilla.so"/>
				<Option working_dir="."/>
				<Option object_output=".objs"/>
				<Option deps_output=".deps"/>
				<Option external_deps=""/>
				<Option type="3"/>
				<Option compiler="0"/>
				<Compiler>
					<Add option="-DGTK"/>
					<Add option="-DSCI_LEXER"/>
					<Add option="-DLINK_LEXERS"/>
					<Add option="-DWXMAKINGDLL_SCI"/>
					<Add directory="sdk/wxscintilla/include"/>
					<Add directory="sdk/wxscintilla/src/scintilla/include"/>
					<Add directory="sdk/wxscintilla/src/scintilla/src"/>
				</Compiler>
				<ResourceCompiler>
					<Add directory="sdk/wxscintilla/include"/>
				</ResourceCompiler>
			</Target>
			<Target title="sdk">
				<Option output="devel/libcodeblocks.so"/>
				<Option working_dir="."/>
				<Option object_output=".objs"/>
				<Option deps_output=".deps"/>
				<Option external_deps=""/>
				<Option type="3"/>
				<Option compiler="0"/>
				<Option parameters="--debug-log --no-check-associations"/>
				<Option projectLinkerOptionsRelation="2"/>
				<Compiler>
					<Add option="-fPIC"/>
					<Add option="-DEXPORT_LIB"/>
					<Add option="-DEXPORT_EVENTS"/>
					<Add option="-D_USRDLL"/>
					<Add directory="sdk/tinyxml"/>
				</Compiler>
				<Linker>
					<Add library="libtxml.a"/>
				</Linker>
			</Target>
			<Target title="wxDockit">
				<Option output="src/wxDockit/lib/libwxDockit.a"/>
				<Option working_dir=""/>
				<Option object_output=".objs"/>
				<Option deps_output=".deps"/>
				<Option external_deps=""/>
				<Option type="2"/>
				<Option compiler="0"/>
				<Option projectResourceIncludeDirsRelation="2"/>
				<Compiler>
					<Add option="-DwxUSE_WX24"/>
					<Add directory="src/wxDockit/include"/>
				</Compiler>
			</Target>
			<Target title="src">
				<Option output="devel/codeblocks.exe"/>
				<Option working_dir="."/>
				<Option object_output=".objs"/>
				<Option deps_output=".deps"/>
				<Option external_deps=""/>
				<Option type="0"/>
				<Option compiler="0"/>
				<Option parameters="--debug-log --no-check-associations -ns"/>
				<Option projectLinkerOptionsRelation="2"/>
				<Option projectIncludeDirsRelation="2"/>
				<Option projectResourceIncludeDirsRelation="0"/>
				<Option projectLibDirsRelation="2"/>
				<Compiler>
					<Add option="-DENABLE_BINRELOC"/>
					<Add directory="sdk"/>
					<Add directory="src/wxDockit/include"/>
				</Compiler>
				<Linker>
					<Add library="libcodeblocks.a"/>
					<Add library="lib$(LIB_WXXRC).a"/>
					<Add library="wxscintilla"/>
					<Add library="wxDockit"/>
					<Add directory="devel"/>
					<Add directory="src/wxDockit/lib"/>
				</Linker>
			</Target>
			<Target title="plugin_Astyle">
				<Option output="devel/share/CodeBlocks/plugins/libastyle.so"/>
				<Option working_dir="."/>
				<Option object_output=".objs"/>
				<Option deps_output=".deps"/>
				<Option external_deps=""/>
				<Option type="3"/>
				<Option compiler="0"/>
				<Option includeInTargetAll="0"/>
				<Option projectLinkerOptionsRelation="2"/>
				<Compiler>
					<Add option="-fPIC"/>
					<Add option="-DBUILDING_PLUGIN"/>
					<Add option="-D_WINDLL"/>
					<Add option="-DNDEBUG"/>
					<Add directory="sdk"/>
					<Add directory="plugins/astyle/astyle"/>
				</Compiler>
				<Linker>
					<Add library="libcodeblocks.a"/>
					<Add library="lib$(LIB_WXXRC).a"/>
					<Add library="wxscintilla"/>
					<Add directory="devel"/>
				</Linker>
			</Target>
			<Target title="
