<?xml version="1.0" encoding="UTF-8" standalone="yes" ?>
<CodeBlocks_project_file>
	<FileVersion major="1" minor="6" />
	<Project>
		<Option title="SpellChecker" />
		<Option pch_mode="2" />
		<Option default_target="plugin" />
		<Option compiler="gcc" />
		<Build>
			<Target title="hunspell">
				<Option output="..\..\..\devel\hunspell" prefix_auto="1" extension_auto="1" />
				<Option working_dir="" />
				<Option object_output="..\..\..\.objs\plugins\contrib\SpellChecker\hunspell" />
				<Option type="2" />
				<Option compiler="gcc" />
				<Option createDefFile="1" />
				<Compiler>
					<Add option="$(#CB_RELEASE_TYPE)" />
					<Add option="-pipe" />
					<Add option="-mthreads" />
					<Add option="-fmessage-length=0" />
					<Add option="-fexceptions" />
					<Add option="-Winvalid-pch" />
					<Add option="-DHUNSPELL_STATIC" />
					<Add directory="wxspellchecker\include" />
					<Add directory="$(#wx.include)" />
					<Add directory="$(#wx.lib)\gcc_dll\mswu" />
					<Add directory="hunspell\src\hunspell" />
					<Add directory="hunspell\" />
				</Compiler>
				<Linker>
					<Add library="wxmsw28u" />
					<Add directory="$(#wx.lib)\gcc_dll" />
				</Linker>
			</Target>
			<Target title="wxSpellChecker">
				<Option output="..\..\..\devel\wxSpellChecker" prefix_auto="1" extension_auto="1" />
				<Option working_dir="" />
				<Option object_output="..\..\..\.objs\plugins\contrib\SpellChecker\wxSpellChecker" />
				<Option type="2" />
				<Option compiler="gcc" />
				<Option createDefFile="1" />
				<Compiler>
					<Add option="$(#CB_RELEASE_TYPE)" />
					<Add option="-fmessage-length=0" />
					<Add option="-fexceptions" />
					<Add option="-Winvalid-pch" />
					<Add option="-pipe" />
					<Add option="-mthreads" />
					<Add option="-DHUNSPELL_STATIC" />
					<Add directory="hunspell\src" />
					<Add directory="wxspellchecker\include" />
					<Add directory="$(#wx.include)" />
					<Add directory="$(#wx.lib)\gcc_dll\mswu" />
				</Compiler>
				<Linker>
					<Add library="hunspell" />
					<Add library="wxmsw28u" />
					<Add directory="..\..\..\devel" />
					<Add directory="$(#wx.lib)\gcc_dll" />
				</Linker>
			</Target>
			<Target title="plugin">
				<Option output="..\..\..\devel\share\CodeBlocks\plugins\SpellChecker" prefix_auto="1" extension_auto="1" />
				<Option object_output="..\..\..\.objs\plugins\contrib\SpellChecker" />
				<Option type="3" />
				<Option compiler="gcc" />
				<Option parameters="--debug-log --no-check-associations -ns -nd --multiple-instance" />
				<Option host_application="..\..\..\devel\codeblocks.exe" />
				<Option run_host_application_in_terminal="0" />
				<Compiler>
					<Add option="$(#CB_RELEASE_TYPE)" />
					<Add option="-fmessage-length=0" />
					<Add option="-fexceptions" />
					<Add option="-Winvalid-pch" />
					<Add option="-pipe" />
					<Add option="-mthreads" />
					<Add option="-DBUILDING_PLUGIN" />
					<Add option="-DCB_PRECOMP" />
					<Add option="-DcbDEBUG" />
					<Add directory="hunspell\src" />
					<Add directory="wxspellchecker\include" />
					<Add directory="..\..\..\include" />
					<Add directory="..\..\..\sdk\wxscintilla\include" />
					<Add directory="$(#wx.include)" />
					<Add directory="$(#wx)\contrib\include" />
					<Add directory="$(#wx.lib)\gcc_dll$(WX_CFG)\msw$(WX_SUFFIX)" />
				</Compiler>
				<Linker>
					<Add option="-Wl,--enable-auto-import" />
					<Add library="wxSpellChecker" />
					<Add library="hunspell" />
					<Add library="codeblocks" />
					<Add library="wxmsw28$(WX_SUFFIX)" />
					<Add directory="..\..\..\devel" />
					<Add directory="$(#wx.lib)\gcc_dll$(WX_CFG)" />
				</Linker>
				<ExtraCommands>
					<Add after="cmd /c if not exist ..\..\..\devel\share\CodeBlocks\SpellChecker mkdir ..\..\..\devel\share\CodeBlocks\SpellChecker" />
					<Add after="cmd /c if not exist ..\..\..\devel\share\CodeBlocks\images\settings mkdir ..\..\..\devel\share\CodeBlocks\images\settings" />
					<Add after="zip -j9 ..\..\..\devel\share\CodeBlocks\SpellChecker.zip manifest.xml SpellCheckSettingsPanel.xrc" />
					<Add after='xcopy /D /Y *.png &quot;..\..\..\devel\share\Codeblocks\images\settings\*&quot;' />
					<Add after='xcopy /D /Y *.png &quot;..\..\..\output\share\Codeblocks\images\settings\*&quot;' />
					<Add after='xcopy /D /Y OnlineSpellChecking.xml  &quot;..\..\..\devel\share\CodeBlocks\SpellChecker\&quot;' />
					<Add after='xcopy /D /Y dictionaries\*.aff &quot;..\..\..\devel\share\CodeBlocks\SpellChecker\&quot;' />
					<Add after='xcopy /D /Y dictionaries\*.dic &quot;..\..\..\devel\share\CodeBlocks\SpellChecker\&quot;' />
					<Add after='xcopy /D /Y dictionaries\th_*.dat &quot;..\..\..\devel\share\CodeBlocks\SpellChecker\&quot;' />
					<Add after='xcopy /D /Y dictionaries\th_*.idx &quot;..\..\..\devel\share\CodeBlocks\SpellChecker\&quot;' />
					<Add after='xcopy /D /Y rc\*.png &quot;..\..\..\devel\share\CodeBlocks\SpellChecker\&quot;' />
					<Add after='xcopy /D /Y &quot;..\..\..\devel\share\CodeBlocks\SpellChecker\*&quot; &quot;..\..\..\output\share\CodeBlocks\SpellChecker\*&quot;' />
					<Mode after="always" />
				</ExtraCommands>
				<Environment>
					<Variable name="WX_CFG" value="" />
					<Variable name="WX_SUFFIX" value="u" />
				</Environment>
			</Target>
		</Build>
		<VirtualTargets>
			<Add alias="All" targets="hunspell;wxSpellChecker;plugin;" />
		</VirtualTargets>
		<Compiler>
			<Add option="-DHAVE_W32API_H" />
			<Add option="-D__WXMSW__" />
			<Add option="-DWX_PRECOMP" />
			<Add option="-DWXUSINGDLL" />
			<Add option="-DwxUSE_UNICODE" />
		</Compiler>
		<Unit filename="DictionariesNeededDialog.cpp">
			<Option target="plugin" />
		</Unit>
		<Unit filename="DictionariesNeededDialog.h">
			<Option target="plugin" />
		</Unit>
		<Unit filename="HunspellInterface.cpp">
			<Option target="wxSpellChecker" />
		</Unit>
		<Unit filename="HunspellInterface.h">
			<Option target="wxSpellChecker" />
		</Unit>
		<Unit filename="MySpellingDialog.cpp">
			<Option target="plugin" />
		</Unit>
		<Unit filename="MySpellingDialog.h">
			<Option target="plugin" />
		</Unit>
		<Unit filename="OnlineSpellChecker.cpp">
			<Option target="plugin" />
		</Unit>
		<Unit filename="OnlineSpellChecker.h">
			<Option target="plugin" />
		</Unit>
		<Unit filename="SpellCheckHelper.cpp">
			<Option target="plugin" />
		</Unit>
		<Unit filename="SpellCheckHelper.h">
			<Option target="plugin" />
		</Unit>
		<Unit filename="SpellCheckSettingsPanel.cpp">
			<Option target="plugin" />
		</Unit>
		<Unit filename="SpellCheckSettingsPanel.h">
			<Option target="plugin" />
		</Unit>
		<Unit filename="SpellCheckSettingsPanel.xrc">
			<Option target="plugin" />
		</Unit>
		<Unit filename="SpellCheckerConfig.cpp">
			<Option target="plugin" />
		</Unit>
		<Unit filename="SpellCheckerConfig.h">
			<Option target="plugin" />
		</Unit>
		<Unit filename="SpellCheckerPlugin.cpp">
			<Option target="plugin" />
		</Unit>
		<Unit filename="SpellCheckerPlugin.h">
			<Option target="plugin" />
		</Unit>
		<Unit filename="StatusField.cpp">
			<Option target="plugin" />
		</Unit>
		<Unit filename="StatusField.h">
			<Option target="plugin" />
		</Unit>
		<Unit filename="Thesaurus.cpp">
			<Option target="plugin" />
		</Unit>
		<Unit filename="Thesaurus.h">
			<Option target="plugin" />
		</Unit>
		<Unit filename="ThesaurusDialog.cpp">
			<Option target="plugin" />
		</Unit>
		<Unit filename="ThesaurusDialog.h">
			<Option target="plugin" />
		</Unit>
		<Unit filename="hunspell\src\hunspell\affentry.cxx">
			<Option target="hunspell" />
		</Unit>
		<Unit filename="hunspell\src\hunspell\affentry.hxx">
			<Option target="hunspell" />
		</Unit>
		<Unit filename="hunspell\src\hunspell\affixmgr.cxx">
			<Option target="hunspell" />
		</Unit>
		<Unit filename="hunspell\src\hunspell\affixmgr.hxx">
			<Option target="hunspell" />
		</Unit>
		<Unit filename="hunspell\src\hunspell\atypes.hxx">
			<Option target="hunspell" />
		</Unit>
		<Unit filename="hunspell\src\hunspell\baseaffix.hxx">
			<Option target="hunspell" />
		</Unit>
		<Unit filename="hunspell\src\hunspell\csutil.cxx">
			<Option target="hunspell" />
		</Unit>
		<Unit filename="hunspell\src\hunspell\csutil.hxx">
			<Option target="hunspell" />
		</Unit>
		<Unit filename="hunspell\src\hunspell\dictmgr.cxx">
			<Option target="hunspell" />
		</Unit>
		<Unit filename="hunspell\src\hunspell\dictmgr.hxx">
			<Option target="hunspell" />
		</Unit>
		<Unit filename="hunspell\src\hunspell\filemgr.cxx">
			<Option target="hunspell" />
		</Unit>
		<Unit filename="hunspell\src\hunspell\filemgr.hxx">
			<Option target="hunspell" />
		</Unit>
		<Unit filename="hunspell\src\hunspell\hashmgr.cxx">
			<Option target="hunspell" />
		</Unit>
		<Unit filename="hunspell\src\hunspell\hashmgr.hxx">
			<Option target="hunspell" />
		</Unit>
		<Unit filename="hunspell\src\hunspell\htypes.hxx">
			<Option target="hunspell" />
		</Unit>
		<Unit filename="hunspell\src\hunspell\hunspell.cxx">
			<Option target="hunspell" />
		</Unit>
		<Unit filename="hunspell\src\hunspell\hunspell.h">
			<Option target="hunspell" />
		</Unit>
		<Unit filename="hunspell\src\hunspell\hunspell.hxx">
			<Option target="hunspell" />
		</Unit>
		<Unit filename="hunspell\src\hunspell\hunvisapi.h">
			<Option target="hunspell" />
		</Unit>
		<Unit filename="hunspell\src\hunspell\hunzip.cxx">
			<Option target="hunspell" />
		</Unit>
		<Unit filename="hunspell\src\hunspell\hunzip.hxx">
			<Option target="hunspell" />
		</Unit>
		<Unit filename="hunspell\src\hunspell\langnum.hxx">
			<Option target="hunspell" />
		</Unit>
		<Unit filename="hunspell\src\hunspell\phonet.cxx">
			<Option target="hunspell" />
		</Unit>
		<Unit filename="hunspell\src\hunspell\phonet.hxx">
			<Option target="hunspell" />
		</Unit>
		<Unit filename="hunspell\src\hunspell\replist.cxx">
			<Option target="hunspell" />
		</Unit>
		<Unit filename="hunspell\src\hunspell\replist.hxx">
			<Option target="hunspell" />
		</Unit>
		<Unit filename="hunspell\src\hunspell\suggestmgr.cxx">
			<Option target="hunspell" />
		</Unit>
		<Unit filename="hunspell\src\hunspell\suggestmgr.hxx">
			<Option target="hunspell" />
		</Unit>
		<Unit filename="hunspell\src\hunspell\utf_info.cxx">
			<Option target="hunspell" />
		</Unit>
		<Unit filename="hunspell\src\hunspell\w_char.hxx">
			<Option target="hunspell" />
		</Unit>
		<Unit filename="manifest.xml">
			<Option target="plugin" />
		</Unit>
		<Unit filename="mythes.cxx">
			<Option target="plugin" />
		</Unit>
		<Unit filename="mythes.hxx">
			<Option target="plugin" />
		</Unit>
		<Unit filename="wxThes.cpp">
			<Option target="plugin" />
		</Unit>
		<Unit filename="wxThes.h">
			<Option target="plugin" />
		</Unit>
		<Unit filename="wxsmith\SpellCheckSettingsPanel.wxs">
			<Option target="plugin" />
		</Unit>
		<Unit filename="wxspellchecker\include\PersonalDictionary.h">
			<Option target="wxSpellChecker" />
		</Unit>
		<Unit filename="wxspellchecker\include\SpellCheckCmdLineInterface.h">
			<Option target="wxSpellChecker" />
		</Unit>
		<Unit filename="wxspellchecker\include\SpellCheckDialogInterface.h">
			<Option target="wxSpellChecker" />
		</Unit>
		<Unit filename="wxspellchecker\include\SpellCheckEngineInterface.h">
			<Option target="wxSpellChecker" />
		</Unit>
		<Unit filename="wxspellchecker\include\SpellCheckEngineOption.h">
			<Option target="wxSpellChecker" />
		</Unit>
		<Unit filename="wxspellchecker\include\SpellCheckUserInterface.h">
			<Option target="wxSpellChecker" />
		</Unit>
		<Unit filename="wxspellchecker\include\SpellCheckerOptionsDialog.h">
			<Option target="wxSpellChecker" />
		</Unit>
		<Unit filename="wxspellchecker\include\XmlPersonalDictionaryDialog.h">
			<Option target="wxSpellChecker" />
		</Unit>
		<Unit filename="wxspellchecker\include\XmlSpellCheckDialog.h">
			<Option target="wxSpellChecker" />
		</Unit>
		<Unit filename="wxspellchecker\include\exports.h">
			<Option target="wxSpellChecker" />
		</Unit>
		<Unit filename="wxspellchecker\src\PersonalDictionary.cpp">
			<Option target="wxSpellChecker" />
		</Unit>
		<Unit filename="wxspellchecker\src\SpellCheckCmdLineInterface.cpp">
			<Option target="wxSpellChecker" />
		</Unit>
		<Unit filename="wxspellchecker\src\SpellCheckDialogInterface.cpp">
			<Option target="wxSpellChecker" />
		</Unit>
		<Unit filename="wxspellchecker\src\SpellCheckEngineInterface.cpp">
			<Option target="wxSpellChecker" />
		</Unit>
		<Unit filename="wxspellchecker\src\SpellCheckEngineOption.cpp">
			<Option target="wxSpellChecker" />
		</Unit>
		<Unit filename="wxspellchecker\src\SpellCheckUserInterface.cpp">
			<Option target="wxSpellChecker" />
		</Unit>
		<Unit filename="wxspellchecker\src\SpellCheckerOptionsDialog.cpp">
			<Option target="wxSpellChecker" />
		</Unit>
		<Unit filename="wxspellchecker\src\XmlPersonalDictionaryDialog.cpp">
			<Option target="wxSpellChecker" />
		</Unit>
		<Unit filename="wxspellchecker\src\XmlSpellCheckDialog.cpp">
			<Option target="wxSpellChecker" />
		</Unit>
		<Unit filename="wxspellchecker\src\exports.cpp">
			<Option target="wxSpellChecker" />
		</Unit>
		<Unit filename="wxspellchecker\src\open.xpm">
			<Option target="wxSpellChecker" />
		</Unit>
		<Extensions>
			<code_completion />
			<envvars />
			<debugger />
			<wxsmith version="1">
				<resources>
					<wxPanel wxs="wxsmith/SpellCheckSettingsPanel.wxs" src="SpellCheckSettingsPanel.cpp" hdr="SpellCheckSettingsPanel.h" xrc="SpellCheckSettingsPanel.xrc" fwddecl="0" i18n="1" name="SpellCheckSettingsPanel" language="CPP" />
				</resources>
			</wxsmith>
		</Extensions>
	</Project>
</CodeBlocks_project_file>
